
Microsoft Visual Studio Solution File, Format Version 12.00
# Visual Studio 14
VisualStudioVersion = 14.0.23107.0
MinimumVisualStudioVersion = 10.0.40219.1
Project("{FAE04EC0-301F-11D3-BF4B-00C04F79EFBC}") = "1.NumbersFrom1ToN", "Loops-Homework\1.NumbersFrom1ToN.csproj", "{8EFFB693-6376-4518-8616-8AEED040BE2D}"
EndProject
Project("{FAE04EC0-301F-11D3-BF4B-00C04F79EFBC}") = "2.NumbersNotDivisibleBy3And7", "2.NumbersNotDivisibleBy3And7\2.NumbersNotDivisibleBy3And7.csproj", "{B6B73599-0C8D-4FD4-B0BA-76515A27EA11}"
EndProject
Project("{FAE04EC0-301F-11D3-BF4B-00C04F79EFBC}") = "3.Min,Max,SumAndAverageOfN_Numbers", "3.Min,Max,SumAndAverageOfN_Numbers\3.Min,Max,SumAndAverageOfN_Numbers.csproj", "{ACE5C19C-734F-411C-AAF3-F9204C226A94}"
EndProject
Project("{FAE04EC0-301F-11D3-BF4B-00C04F79EFBC}") = "4.PrintADeckOf52Cards", "4.PrintADeckOf52Cards\4.PrintADeckOf52Cards.csproj", "{F71E0233-7C66-44DE-BD82-9FA4FAE3C34F}"
EndProject
Project("{FAE04EC0-301F-11D3-BF4B-00C04F79EFBC}") = "5.Calculate1", "5.Calculate1\5.Calculate1.csproj", "{5F920A41-B911-411A-ADB6-EBEC8A2BDB47}"
EndProject
Project("{FAE04EC0-301F-11D3-BF4B-00C04F79EFBC}") = "6.Calculate2", "6.Calculate2\6.Calculate2.csproj", "{FDF6F843-E975-460E-80E7-22EBA30E552E}"
EndProject
Project("{FAE04EC0-301F-11D3-BF4B-00C04F79EFBC}") = "7.Calculate3", "7.Calculate3\7.Calculate3.csproj", "{073C5C12-5338-4467-BACF-B58CA00E0B3C}"
EndProject
Project("{FAE04EC0-301F-11D3-BF4B-00C04F79EFBC}") = "8.CatalanNumbers", "8.CatalanNumbers\8.CatalanNumbers.csproj", "{518AAC28-655A-456C-8C8C-4C4401AAD2D4}"
EndProject
Project("{FAE04EC0-301F-11D3-BF4B-00C04F79EFBC}") = "9.MatrixOfNumbers", "9.MatrixOfNumbers\9.MatrixOfNumbers.csproj", "{D69AECCF-21F6-4985-9862-8E2A13501F19}"
EndProject
Project("{FAE04EC0-301F-11D3-BF4B-00C04F79EFBC}") = "10.OddAndEvenProduct", "10.OddAndEvenProduct\10.OddAndEvenProduct.csproj", "{B8B96CB3-CB02-42A3-A089-6FFB1E2DEBED}"
EndProject
Project("{FAE04EC0-301F-11D3-BF4B-00C04F79EFBC}") = "11.RandomNumbersInGivenRange", "11.RandomNumbersInGivenRange\11.RandomNumbersInGivenRange.csproj", "{0B09519B-0E58-4FED-AC76-2C0D76FC0535}"
EndProject
Project("{FAE04EC0-301F-11D3-BF4B-00C04F79EFBC}") = "12.RandomizetheNumbersN", "12.RandomizetheNumbersN\12.RandomizetheNumbersN.csproj", "{7D38BF48-B2A3-4CB5-951D-3B1C161BA750}"
EndProject
Project("{FAE04EC0-301F-11D3-BF4B-00C04F79EFBC}") = "13.BinaryToDecimalNumber", "13.BinaryToDecimalNumber\13.BinaryToDecimalNumber.csproj", "{9318BED2-A6E9-419A-91C9-76828F3F42D4}"
EndProject
Project("{FAE04EC0-301F-11D3-BF4B-00C04F79EFBC}") = "14.DecimalToBinaryNumber", "14.DecimalToBinaryNumber\14.DecimalToBinaryNumber.csproj", "{6942EA26-CA21-4D5F-882D-417419FECE5A}"
EndProject
Project("{FAE04EC0-301F-11D3-BF4B-00C04F79EFBC}") = "15.HexadecimalToDecimalNumber", "15.HexadecimalToDecimalNumber\15.HexadecimalToDecimalNumber.csproj", "{754D2084-7718-4310-8A72-8130F359EF61}"
EndProject
Project("{FAE04EC0-301F-11D3-BF4B-00C04F79EFBC}") = "16.DecimalToHexadecimalNumber", "16.DecimalToHexadecimalNumber\16.DecimalToHexadecimalNumber.csproj", "{27BA0744-5901-4BA6-BE2E-E2C173BE66FC}"
EndProject
Project("{FAE04EC0-301F-11D3-BF4B-00C04F79EFBC}") = "17.CalculateGCD", "17.CalculateGCD\17.CalculateGCD.csproj", "{6042F8C6-9CDA-4640-8094-3CD7D43A844A}"
EndProject
Project("{FAE04EC0-301F-11D3-BF4B-00C04F79EFBC}") = "18.TrailingZeroesInNFac", "18.TrailingZeroesInNFac\18.TrailingZeroesInNFac.csproj", "{705A9491-56E5-4560-A40C-413DBAB1F9C0}"
EndProject
Project("{FAE04EC0-301F-11D3-BF4B-00C04F79EFBC}") = "19.SpiralMatrix", "19.SpiralMatrix\19.SpiralMatrix.csproj", "{B810EC9E-34DE-45BA-99E9-26159E0834E7}"
EndProject
Project("{FAE04EC0-301F-11D3-BF4B-00C04F79EFBC}") = "FourFactors", "FourFactors\FourFactors.csproj", "{D2CB633B-77BB-4B5C-8207-96E64861F2BF}"
EndProject
Project("{FAE04EC0-301F-11D3-BF4B-00C04F79EFBC}") = "DetectiveBoev", "DetectiveBoev\DetectiveBoev.csproj", "{95EA1801-D0DC-4091-9274-26726D53B975}"
EndProject
Project("{FAE04EC0-301F-11D3-BF4B-00C04F79EFBC}") = "SummertimeForProgrammers", "SummertimeForProgrammers\SummertimeForProgrammers.csproj", "{541C88A4-5923-4DF5-B7D5-D0AC151D3B77}"
EndProject
Project("{FAE04EC0-301F-11D3-BF4B-00C04F79EFBC}") = "LightTheTorches", "LightTheTorches\LightTheTorches.csproj", "{2F9AB8CB-AA4A-48C8-A076-CA1521CBCDF2}"
EndProject
Global
	GlobalSection(SolutionConfigurationPlatforms) = preSolution
		Debug|Any CPU = Debug|Any CPU
		Release|Any CPU = Release|Any CPU
	EndGlobalSection
	GlobalSection(ProjectConfigurationPlatforms) = postSolution
		{8EFFB693-6376-4518-8616-8AEED040BE2D}.Debug|Any CPU.ActiveCfg = Debug|Any CPU
		{8EFFB693-6376-4518-8616-8AEED040BE2D}.Debug|Any CPU.Build.0 = Debug|Any CPU
		{8EFFB693-6376-4518-8616-8AEED040BE2D}.Release|Any CPU.ActiveCfg = Release|Any CPU
		{8EFFB693-6376-4518-8616-8AEED040BE2D}.Release|Any CPU.Build.0 = Release|Any CPU
		{B6B73599-0C8D-4FD4-B0BA-76515A27EA11}.Debug|Any CPU.ActiveCfg = Debug|Any CPU
		{B6B73599-0C8D-4FD4-B0BA-76515A27EA11}.Debug|Any CPU.Build.0 = Debug|Any CPU
		{B6B73599-0C8D-4FD4-B0BA-76515A27EA11}.Release|Any CPU.ActiveCfg = Release|Any CPU
		{B6B73599-0C8D-4FD4-B0BA-76515A27EA11}.Release|Any CPU.Build.0 = Release|Any CPU
		{ACE5C19C-734F-411C-AAF3-F9204C226A94}.Debug|Any CPU.ActiveCfg = Debug|Any CPU
		{ACE5C19C-734F-411C-AAF3-F9204C226A94}.Debug|Any CPU.Build.0 = Debug|Any CPU
		{ACE5C19C-734F-411C-AAF3-F9204C226A94}.Release|Any CPU.ActiveCfg = Release|Any CPU
		{ACE5C19C-734F-411C-AAF3-F9204C226A94}.Release|Any CPU.Build.0 = Release|Any CPU
		{F71E0233-7C66-44DE-BD82-9FA4FAE3C34F}.Debug|Any CPU.ActiveCfg = Debug|Any CPU
		{F71E0233-7C66-44DE-BD82-9FA4FAE3C34F}.Debug|Any CPU.Build.0 = Debug|Any CPU
		{F71E0233-7C66-44DE-BD82-9FA4FAE3C34F}.Release|Any CPU.ActiveCfg = Release|Any CPU
		{F71E0233-7C66-44DE-BD82-9FA4FAE3C34F}.Release|Any CPU.Build.0 = Release|Any CPU
		{5F920A41-B911-411A-ADB6-EBEC8A2BDB47}.Debug|Any CPU.ActiveCfg = Debug|Any CPU
		{5F920A41-B911-411A-ADB6-EBEC8A2BDB47}.Debug|Any CPU.Build.0 = Debug|Any CPU
		{5F920A41-B911-411A-ADB6-EBEC8A2BDB47}.Release|Any CPU.ActiveCfg = Release|Any CPU
		{5F920A41-B911-411A-ADB6-EBEC8A2BDB47}.Release|Any CPU.Build.0 = Release|Any CPU
		{FDF6F843-E975-460E-80E7-22EBA30E552E}.Debug|Any CPU.ActiveCfg = Debug|Any CPU
		{FDF6F843-E975-460E-80E7-22EBA30E552E}.Debug|Any CPU.Build.0 = Debug|Any CPU
		{FDF6F843-E975-460E-80E7-22EBA30E552E}.Release|Any CPU.ActiveCfg = Release|Any CPU
		{FDF6F843-E975-460E-80E7-22EBA30E552E}.Release|Any CPU.Build.0 = Release|Any CPU
		{073C5C12-5338-4467-BACF-B58CA00E0B3C}.Debug|Any CPU.ActiveCfg = Debug|Any CPU
		{073C5C12-5338-4467-BACF-B58CA00E0B3C}.Debug|Any CPU.Build.0 = Debug|Any CPU
		{073C5C12-5338-4467-BACF-B58CA00E0B3C}.Release|Any CPU.ActiveCfg = Release|Any CPU
		{073C5C12-5338-4467-BACF-B58CA00E0B3C}.Release|Any CPU.Build.0 = Release|Any CPU
		{518AAC28-655A-456C-8C8C-4C4401AAD2D4}.Debug|Any CPU.ActiveCfg = Debug|Any CPU
		{518AAC28-655A-456C-8C8C-4C4401AAD2D4}.Debug|Any CPU.Build.0 = Debug|Any CPU
		{518AAC28-655A-456C-8C8C-4C4401AAD2D4}.Release|Any CPU.ActiveCfg = Release|Any CPU
		{518AAC28-655A-456C-8C8C-4C4401AAD2D4}.Release|Any CPU.Build.0 = Release|Any CPU
		{D69AECCF-21F6-4985-9862-8E2A13501F19}.Debug|Any CPU.ActiveCfg = Debug|Any CPU
		{D69AECCF-21F6-4985-9862-8E2A13501F19}.Debug|Any CPU.Build.0 = Debug|Any CPU
		{D69AECCF-21F6-4985-9862-8E2A13501F19}.Release|Any CPU.ActiveCfg = Release|Any CPU
		{D69AECCF-21F6-4985-9862-8E2A13501F19}.Release|Any CPU.Build.0 = Release|Any CPU
		{B8B96CB3-CB02-42A3-A089-6FFB1E2DEBED}.Debug|Any CPU.ActiveCfg = Debug|Any CPU
		{B8B96CB3-CB02-42A3-A089-6FFB1E2DEBED}.Debug|Any CPU.Build.0 = Debug|Any CPU
		{B8B96CB3-CB02-42A3-A089-6FFB1E2DEBED}.Release|Any CPU.ActiveCfg = Release|Any CPU
		{B8B96CB3-CB02-42A3-A089-6FFB1E2DEBED}.Release|Any CPU.Build.0 = Release|Any CPU
		{0B09519B-0E58-4FED-AC76-2C0D76FC0535}.Debug|Any CPU.ActiveCfg = Debug|Any CPU
		{0B09519B-0E58-4FED-AC76-2C0D76FC0535}.Debug|Any CPU.Build.0 = Debug|Any CPU
		{0B09519B-0E58-4FED-AC76-2C0D76FC0535}.Release|Any CPU.ActiveCfg = Release|Any CPU
		{0B09519B-0E58-4FED-AC76-2C0D76FC0535}.Release|Any CPU.Build.0 = Release|Any CPU
		{7D38BF48-B2A3-4CB5-951D-3B1C161BA750}.Debug|Any CPU.ActiveCfg = Debug|Any CPU
		{7D38BF48-B2A3-4CB5-951D-3B1C161BA750}.Debug|Any CPU.Build.0 = Debug|Any CPU
		{7D38BF48-B2A3-4CB5-951D-3B1C161BA750}.Release|Any CPU.ActiveCfg = Release|Any CPU
		{7D38BF48-B2A3-4CB5-951D-3B1C161BA750}.Release|Any CPU.Build.0 = Release|Any CPU
		{9318BED2-A6E9-419A-91C9-76828F3F42D4}.Debug|Any CPU.ActiveCfg = Debug|Any CPU
		{9318BED2-A6E9-419A-91C9-76828F3F42D4}.Debug|Any CPU.Build.0 = Debug|Any CPU
		{9318BED2-A6E9-419A-91C9-76828F3F42D4}.Release|Any CPU.ActiveCfg = Release|Any CPU
		{9318BED2-A6E9-419A-91C9-76828F3F42D4}.Release|Any CPU.Build.0 = Release|Any CPU
		{6942EA26-CA21-4D5F-882D-417419FECE5A}.Debug|Any CPU.ActiveCfg = Debug|Any CPU
		{6942EA26-CA21-4D5F-882D-417419FECE5A}.Debug|Any CPU.Build.0 = Debug|Any CPU
		{6942EA26-CA21-4D5F-882D-417419FECE5A}.Release|Any CPU.ActiveCfg = Release|Any CPU
		{6942EA26-CA21-4D5F-882D-417419FECE5A}.Release|Any CPU.Build.0 = Release|Any CPU
		{754D2084-7718-4310-8A72-8130F359EF61}.Debug|Any CPU.ActiveCfg = Debug|Any CPU
		{754D2084-7718-4310-8A72-8130F359EF61}.Debug|Any CPU.Build.0 = Debug|Any CPU
		{754D2084-7718-4310-8A72-8130F359EF61}.Release|Any CPU.ActiveCfg = Release|Any CPU
		{754D2084-7718-4310-8A72-8130F359EF61}.Release|Any CPU.Build.0 = Release|Any CPU
		{27BA0744-5901-4BA6-BE2E-E2C173BE66FC}.Debug|Any CPU.ActiveCfg = Debug|Any CPU
		{27BA0744-5901-4BA6-BE2E-E2C173BE66FC}.Debug|Any CPU.Build.0 = Debug|Any CPU
		{27BA0744-5901-4BA6-BE2E-E2C173BE66FC}.Release|Any CPU.ActiveCfg = Release|Any CPU
		{27BA0744-5901-4BA6-BE2E-E2C173BE66FC}.Release|Any CPU.Build.0 = Release|Any CPU
		{6042F8C6-9CDA-4640-8094-3CD7D43A844A}.Debug|Any CPU.ActiveCfg = Debug|Any CPU
		{6042F8C6-9CDA-4640-8094-3CD7D43A844A}.Debug|Any CPU.Build.0 = Debug|Any CPU
		{6042F8C6-9CDA-4640-8094-3CD7D43A844A}.Release|Any CPU.ActiveCfg = Release|Any CPU
		{6042F8C6-9CDA-4640-8094-3CD7D43A844A}.Release|Any CPU.Build.0 = Release|Any CPU
		{705A9491-56E5-4560-A40C-413DBAB1F9C0}.Debug|Any CPU.ActiveCfg = Debug|Any CPU
		{705A9491-56E5-4560-A40C-413DBAB1F9C0}.Debug|Any CPU.Build.0 = Debug|Any CPU
		{705A9491-56E5-4560-A40C-413DBAB1F9C0}.Release|Any CPU.ActiveCfg = Release|Any CPU
		{705A9491-56E5-4560-A40C-413DBAB1F9C0}.Release|Any CPU.Build.0 = Release|Any CPU
		{B810EC9E-34DE-45BA-99E9-26159E0834E7}.Debug|Any CPU.ActiveCfg = Debug|Any CPU
		{B810EC9E-34DE-45BA-99E9-26159E0834E7}.Debug|Any CPU.Build.0 = Debug|Any CPU
		{B810EC9E-34DE-45BA-99E9-26159E0834E7}.Release|Any CPU.ActiveCfg = Release|Any CPU
		{B810EC9E-34DE-45BA-99E9-26159E0834E7}.Release|Any CPU.Build.0 = Release|Any CPU
		{D2CB633B-77BB-4B5C-8207-96E64861F2BF}.Debug|Any CPU.ActiveCfg = Debug|Any CPU
		{D2CB633B-77BB-4B5C-8207-96E64861F2BF}.Debug|Any CPU.Build.0 = Debug|Any CPU
		{D2CB633B-77BB-4B5C-8207-96E64861F2BF}.Release|Any CPU.ActiveCfg = Release|Any CPU
		{D2CB633B-77BB-4B5C-8207-96E64861F2BF}.Release|Any CPU.Build.0 = Release|Any CPU
		{95EA1801-D0DC-4091-9274-26726D53B975}.Debug|Any CPU.ActiveCfg = Debug|Any CPU
		{95EA1801-D0DC-4091-9274-26726D53B975}.Debug|Any CPU.Build.0 = Debug|Any CPU
		{95EA1801-D0DC-4091-9274-26726D53B975}.Release|Any CPU.ActiveCfg = Release|Any CPU
		{95EA1801-D0DC-4091-9274-26726D53B975}.Release|Any CPU.Build.0 = Release|Any CPU
		{541C88A4-5923-4DF5-B7D5-D0AC151D3B77}.Debug|Any CPU.ActiveCfg = Debug|Any CPU
		{541C88A4-5923-4DF5-B7D5-D0AC151D3B77}.Debug|Any CPU.Build.0 = Debug|Any CPU
		{541C88A4-5923-4DF5-B7D5-D0AC151D3B77}.Release|Any CPU.ActiveCfg = Release|Any CPU
		{541C88A4-5923-4DF5-B7D5-D0AC151D3B77}.Release|Any CPU.Build.0 = Release|Any CPU
		{2F9AB8CB-AA4A-48C8-A076-CA1521CBCDF2}.Debug|Any CPU.ActiveCfg = Debug|Any CPU
		{2F9AB8CB-AA4A-48C8-A076-CA1521CBCDF2}.Debug|Any CPU.Build.0 = Debug|Any CPU
		{2F9AB8CB-AA4A-48C8-A076-CA1521CBCDF2}.Release|Any CPU.ActiveCfg = Release|Any CPU
		{2F9AB8CB-AA4A-48C8-A076-CA1521CBCDF2}.Release|Any CPU.Build.0 = Release|Any CPU
	EndGlobalSection
	GlobalSection(SolutionProperties) = preSolution
		HideSolutionNode = FALSE
	EndGlobalSection
EndGlobal
