
Microsoft Visual Studio Solution File, Format Version 12.00
# Visual Studio 14
VisualStudioVersion = 14.0.25123.0
MinimumVisualStudioVersion = 10.0.40219.1
Project("{FAE04EC0-301F-11D3-BF4B-00C04F79EFBC}") = "PrintStringLetters", "PrintStringLetters\PrintStringLetters.csproj", "{09499395-EE44-42AA-ADEA-77FED0AEA185}"
EndProject
Project("{FAE04EC0-301F-11D3-BF4B-00C04F79EFBC}") = "CountLettersInString", "CountLettersInString\CountLettersInString.csproj", "{16607BF0-9352-4B04-BE81-2B4B2D3E9B17}"
EndProject
Project("{FAE04EC0-301F-11D3-BF4B-00C04F79EFBC}") = "PrintAReceipt", "PrintAReceipt\PrintAReceipt.csproj", "{7A476D1E-90C2-4871-9366-8F23AB0E44F2}"
EndProject
Project("{FAE04EC0-301F-11D3-BF4B-00C04F79EFBC}") = "OccurrencesInString", "OccurrencesInString\OccurrencesInString.csproj", "{F96E614C-BFE1-4702-9D1B-356672D8CBA7}"
EndProject
Project("{FAE04EC0-301F-11D3-BF4B-00C04F79EFBC}") = "ForbiddenSubstrings", "ForbiddenSubstrings\ForbiddenSubstrings.csproj", "{D250E5A6-B8A2-4392-B656-B4E1C27D8B48}"
EndProject
Project("{FAE04EC0-301F-11D3-BF4B-00C04F79EFBC}") = "CountRealNumbers", "CountRealNumbers\CountRealNumbers.csproj", "{F916719F-5B5A-4842-83B2-85C45A956548}"
EndProject
Project("{FAE04EC0-301F-11D3-BF4B-00C04F79EFBC}") = "OddOccurrences", "OddOccurrences\OddOccurrences.csproj", "{7E5705D0-AC34-47CC-88E0-C191A0BDFCBF}"
EndProject
Project("{FAE04EC0-301F-11D3-BF4B-00C04F79EFBC}") = "Largest3Numbers", "Largest3Numbers\Largest3Numbers.csproj", "{630A63F8-9517-4EA2-8E51-0BBDBBEF6D27}"
EndProject
Project("{FAE04EC0-301F-11D3-BF4B-00C04F79EFBC}") = "ShortWordsSorted", "ShortWordsSorted\ShortWordsSorted.csproj", "{000C436B-ED8E-447D-B6D8-23868B863855}"
EndProject
Project("{FAE04EC0-301F-11D3-BF4B-00C04F79EFBC}") = "FoldAndSum", "FoldAndSum\FoldAndSum.csproj", "{BF0D0D9C-D2E7-4DDF-976D-E9475E950771}"
EndProject
Project("{FAE04EC0-301F-11D3-BF4B-00C04F79EFBC}") = "CensorYourEmailAddress", "CensorYourEmailAddress\CensorYourEmailAddress.csproj", "{3F63A294-EB19-4BB5-A950-912160B854CD}"
EndProject
Project("{FAE04EC0-301F-11D3-BF4B-00C04F79EFBC}") = "ReverseString", "ReverseString\ReverseString.csproj", "{6872C6FC-3816-46DA-AE2B-4DFAF4FD0024}"
EndProject
Project("{FAE04EC0-301F-11D3-BF4B-00C04F79EFBC}") = "FitStringIn20Chars", "FitStringIn20Chars\FitStringIn20Chars.csproj", "{636CD5AE-FDFD-4208-AB2E-D220ACFB5C18}"
EndProject
Project("{FAE04EC0-301F-11D3-BF4B-00C04F79EFBC}") = "ExtractSentences", "ExtractSentences\ExtractSentences.csproj", "{FA4241FD-8A77-4A20-B3E8-A98F0A5CA438}"
EndProject
Project("{FAE04EC0-301F-11D3-BF4B-00C04F79EFBC}") = "URLParser", "URLParser\URLParser.csproj", "{2AC17F10-0CE4-4FA8-81AD-CA18E2687C48}"
EndProject
Project("{FAE04EC0-301F-11D3-BF4B-00C04F79EFBC}") = "ReverseWordsInSentence", "ReverseWordsInSentence\ReverseWordsInSentence.csproj", "{1A648C78-67C1-48F6-8CBA-C7EE3F53580A}"
EndProject
Project("{FAE04EC0-301F-11D3-BF4B-00C04F79EFBC}") = "ToUppercase", "ToUppercase\ToUppercase.csproj", "{8DF4863A-4349-48AC-BCD0-E6D0431AAAA1}"
EndProject
Project("{FAE04EC0-301F-11D3-BF4B-00C04F79EFBC}") = "Palindromes", "Palindromes\Palindromes.csproj", "{93832162-4099-48C8-ADFB-CF2C748F253B}"
EndProject
Project("{FAE04EC0-301F-11D3-BF4B-00C04F79EFBC}") = "Capitalization", "Capitalization\Capitalization.csproj", "{0F2375CB-1F95-4A2B-8413-F8521CB05DFB}"
EndProject
Project("{FAE04EC0-301F-11D3-BF4B-00C04F79EFBC}") = "PalindromeIndex", "PalindromeIndex\PalindromeIndex.csproj", "{6B5F6411-6042-41C7-BC93-EFB169BD0774}"
EndProject
Project("{FAE04EC0-301F-11D3-BF4B-00C04F79EFBC}") = "CommonStrings", "CommonStrings\CommonStrings.csproj", "{E4A2778D-A7E3-45B1-B558-F33185AA8A80}"
EndProject
Project("{FAE04EC0-301F-11D3-BF4B-00C04F79EFBC}") = "Phonebook", "Phonebook\Phonebook.csproj", "{A0852B32-E92E-473C-B18A-BC016CAF3D3A}"
EndProject
Project("{FAE04EC0-301F-11D3-BF4B-00C04F79EFBC}") = "PhonebookUpgrade", "PhonebookUpgrade\PhonebookUpgrade.csproj", "{EB61C3B6-C38E-44FA-949D-30629392B1F0}"
EndProject
Global
	GlobalSection(SolutionConfigurationPlatforms) = preSolution
		Debug|Any CPU = Debug|Any CPU
		Debug|ARM = Debug|ARM
		Debug|x64 = Debug|x64
		Debug|x86 = Debug|x86
		Release|Any CPU = Release|Any CPU
		Release|ARM = Release|ARM
		Release|x64 = Release|x64
		Release|x86 = Release|x86
	EndGlobalSection
	GlobalSection(ProjectConfigurationPlatforms) = postSolution
		{09499395-EE44-42AA-ADEA-77FED0AEA185}.Debug|Any CPU.ActiveCfg = Debug|Any CPU
		{09499395-EE44-42AA-ADEA-77FED0AEA185}.Debug|Any CPU.Build.0 = Debug|Any CPU
		{09499395-EE44-42AA-ADEA-77FED0AEA185}.Debug|ARM.ActiveCfg = Debug|Any CPU
		{09499395-EE44-42AA-ADEA-77FED0AEA185}.Debug|ARM.Build.0 = Debug|Any CPU
		{09499395-EE44-42AA-ADEA-77FED0AEA185}.Debug|x64.ActiveCfg = Debug|Any CPU
		{09499395-EE44-42AA-ADEA-77FED0AEA185}.Debug|x64.Build.0 = Debug|Any CPU
		{09499395-EE44-42AA-ADEA-77FED0AEA185}.Debug|x86.ActiveCfg = Debug|Any CPU
		{09499395-EE44-42AA-ADEA-77FED0AEA185}.Debug|x86.Build.0 = Debug|Any CPU
		{09499395-EE44-42AA-ADEA-77FED0AEA185}.Release|Any CPU.ActiveCfg = Release|Any CPU
		{09499395-EE44-42AA-ADEA-77FED0AEA185}.Release|Any CPU.Build.0 = Release|Any CPU
		{09499395-EE44-42AA-ADEA-77FED0AEA185}.Release|ARM.ActiveCfg = Release|Any CPU
		{09499395-EE44-42AA-ADEA-77FED0AEA185}.Release|ARM.Build.0 = Release|Any CPU
		{09499395-EE44-42AA-ADEA-77FED0AEA185}.Release|x64.ActiveCfg = Release|Any CPU
		{09499395-EE44-42AA-ADEA-77FED0AEA185}.Release|x64.Build.0 = Release|Any CPU
		{09499395-EE44-42AA-ADEA-77FED0AEA185}.Release|x86.ActiveCfg = Release|Any CPU
		{09499395-EE44-42AA-ADEA-77FED0AEA185}.Release|x86.Build.0 = Release|Any CPU
		{16607BF0-9352-4B04-BE81-2B4B2D3E9B17}.Debug|Any CPU.ActiveCfg = Debug|Any CPU
		{16607BF0-9352-4B04-BE81-2B4B2D3E9B17}.Debug|Any CPU.Build.0 = Debug|Any CPU
		{16607BF0-9352-4B04-BE81-2B4B2D3E9B17}.Debug|ARM.ActiveCfg = Debug|Any CPU
		{16607BF0-9352-4B04-BE81-2B4B2D3E9B17}.Debug|ARM.Build.0 = Debug|Any CPU
		{16607BF0-9352-4B04-BE81-2B4B2D3E9B17}.Debug|x64.ActiveCfg = Debug|Any CPU
		{16607BF0-9352-4B04-BE81-2B4B2D3E9B17}.Debug|x64.Build.0 = Debug|Any CPU
		{16607BF0-9352-4B04-BE81-2B4B2D3E9B17}.Debug|x86.ActiveCfg = Debug|Any CPU
		{16607BF0-9352-4B04-BE81-2B4B2D3E9B17}.Debug|x86.Build.0 = Debug|Any CPU
		{16607BF0-9352-4B04-BE81-2B4B2D3E9B17}.Release|Any CPU.ActiveCfg = Release|Any CPU
		{16607BF0-9352-4B04-BE81-2B4B2D3E9B17}.Release|Any CPU.Build.0 = Release|Any CPU
		{16607BF0-9352-4B04-BE81-2B4B2D3E9B17}.Release|ARM.ActiveCfg = Release|Any CPU
		{16607BF0-9352-4B04-BE81-2B4B2D3E9B17}.Release|ARM.Build.0 = Release|Any CPU
		{16607BF0-9352-4B04-BE81-2B4B2D3E9B17}.Release|x64.ActiveCfg = Release|Any CPU
		{16607BF0-9352-4B04-BE81-2B4B2D3E9B17}.Release|x64.Build.0 = Release|Any CPU
		{16607BF0-9352-4B04-BE81-2B4B2D3E9B17}.Release|x86.ActiveCfg = Release|Any CPU
		{16607BF0-9352-4B04-BE81-2B4B2D3E9B17}.Release|x86.Build.0 = Release|Any CPU
		{7A476D1E-90C2-4871-9366-8F23AB0E44F2}.Debug|Any CPU.ActiveCfg = Debug|Any CPU
		{7A476D1E-90C2-4871-9366-8F23AB0E44F2}.Debug|Any CPU.Build.0 = Debug|Any CPU
		{7A476D1E-90C2-4871-9366-8F23AB0E44F2}.Debug|ARM.ActiveCfg = Debug|Any CPU
		{7A476D1E-90C2-4871-9366-8F23AB0E44F2}.Debug|ARM.Build.0 = Debug|Any CPU
		{7A476D1E-90C2-4871-9366-8F23AB0E44F2}.Debug|x64.ActiveCfg = Debug|Any CPU
		{7A476D1E-90C2-4871-9366-8F23AB0E44F2}.Debug|x64.Build.0 = Debug|Any CPU
		{7A476D1E-90C2-4871-9366-8F23AB0E44F2}.Debug|x86.ActiveCfg = Debug|Any CPU
		{7A476D1E-90C2-4871-9366-8F23AB0E44F2}.Debug|x86.Build.0 = Debug|Any CPU
		{7A476D1E-90C2-4871-9366-8F23AB0E44F2}.Release|Any CPU.ActiveCfg = Release|Any CPU
		{7A476D1E-90C2-4871-9366-8F23AB0E44F2}.Release|Any CPU.Build.0 = Release|Any CPU
		{7A476D1E-90C2-4871-9366-8F23AB0E44F2}.Release|ARM.ActiveCfg = Release|Any CPU
		{7A476D1E-90C2-4871-9366-8F23AB0E44F2}.Release|ARM.Build.0 = Release|Any CPU
		{7A476D1E-90C2-4871-9366-8F23AB0E44F2}.Release|x64.ActiveCfg = Release|Any CPU
		{7A476D1E-90C2-4871-9366-8F23AB0E44F2}.Release|x64.Build.0 = Release|Any CPU
		{7A476D1E-90C2-4871-9366-8F23AB0E44F2}.Release|x86.ActiveCfg = Release|Any CPU
		{7A476D1E-90C2-4871-9366-8F23AB0E44F2}.Release|x86.Build.0 = Release|Any CPU
		{F96E614C-BFE1-4702-9D1B-356672D8CBA7}.Debug|Any CPU.ActiveCfg = Debug|Any CPU
		{F96E614C-BFE1-4702-9D1B-356672D8CBA7}.Debug|Any CPU.Build.0 = Debug|Any CPU
		{F96E614C-BFE1-4702-9D1B-356672D8CBA7}.Debug|ARM.ActiveCfg = Debug|Any CPU
		{F96E614C-BFE1-4702-9D1B-356672D8CBA7}.Debug|ARM.Build.0 = Debug|Any CPU
		{F96E614C-BFE1-4702-9D1B-356672D8CBA7}.Debug|x64.ActiveCfg = Debug|Any CPU
		{F96E614C-BFE1-4702-9D1B-356672D8CBA7}.Debug|x64.Build.0 = Debug|Any CPU
		{F96E614C-BFE1-4702-9D1B-356672D8CBA7}.Debug|x86.ActiveCfg = Debug|Any CPU
		{F96E614C-BFE1-4702-9D1B-356672D8CBA7}.Debug|x86.Build.0 = Debug|Any CPU
		{F96E614C-BFE1-4702-9D1B-356672D8CBA7}.Release|Any CPU.ActiveCfg = Release|Any CPU
		{F96E614C-BFE1-4702-9D1B-356672D8CBA7}.Release|Any CPU.Build.0 = Release|Any CPU
		{F96E614C-BFE1-4702-9D1B-356672D8CBA7}.Release|ARM.ActiveCfg = Release|Any CPU
		{F96E614C-BFE1-4702-9D1B-356672D8CBA7}.Release|ARM.Build.0 = Release|Any CPU
		{F96E614C-BFE1-4702-9D1B-356672D8CBA7}.Release|x64.ActiveCfg = Release|Any CPU
		{F96E614C-BFE1-4702-9D1B-356672D8CBA7}.Release|x64.Build.0 = Release|Any CPU
		{F96E614C-BFE1-4702-9D1B-356672D8CBA7}.Release|x86.ActiveCfg = Release|Any CPU
		{F96E614C-BFE1-4702-9D1B-356672D8CBA7}.Release|x86.Build.0 = Release|Any CPU
		{D250E5A6-B8A2-4392-B656-B4E1C27D8B48}.Debug|Any CPU.ActiveCfg = Debug|Any CPU
		{D250E5A6-B8A2-4392-B656-B4E1C27D8B48}.Debug|Any CPU.Build.0 = Debug|Any CPU
		{D250E5A6-B8A2-4392-B656-B4E1C27D8B48}.Debug|ARM.ActiveCfg = Debug|Any CPU
		{D250E5A6-B8A2-4392-B656-B4E1C27D8B48}.Debug|ARM.Build.0 = Debug|Any CPU
		{D250E5A6-B8A2-4392-B656-B4E1C27D8B48}.Debug|x64.ActiveCfg = Debug|Any CPU
		{D250E5A6-B8A2-4392-B656-B4E1C27D8B48}.Debug|x64.Build.0 = Debug|Any CPU
		{D250E5A6-B8A2-4392-B656-B4E1C27D8B48}.Debug|x86.ActiveCfg = Debug|Any CPU
		{D250E5A6-B8A2-4392-B656-B4E1C27D8B48}.Debug|x86.Build.0 = Debug|Any CPU
		{D250E5A6-B8A2-4392-B656-B4E1C27D8B48}.Release|Any CPU.ActiveCfg = Release|Any CPU
		{D250E5A6-B8A2-4392-B656-B4E1C27D8B48}.Release|Any CPU.Build.0 = Release|Any CPU
		{D250E5A6-B8A2-4392-B656-B4E1C27D8B48}.Release|ARM.ActiveCfg = Release|Any CPU
		{D250E5A6-B8A2-4392-B656-B4E1C27D8B48}.Release|ARM.Build.0 = Release|Any CPU
		{D250E5A6-B8A2-4392-B656-B4E1C27D8B48}.Release|x64.ActiveCfg = Release|Any CPU
		{D250E5A6-B8A2-4392-B656-B4E1C27D8B48}.Release|x64.Build.0 = Release|Any CPU
		{D250E5A6-B8A2-4392-B656-B4E1C27D8B48}.Release|x86.ActiveCfg = Release|Any CPU
		{D250E5A6-B8A2-4392-B656-B4E1C27D8B48}.Release|x86.Build.0 = Release|Any CPU
		{F916719F-5B5A-4842-83B2-85C45A956548}.Debug|Any CPU.ActiveCfg = Debug|Any CPU
		{F916719F-5B5A-4842-83B2-85C45A956548}.Debug|Any CPU.Build.0 = Debug|Any CPU
		{F916719F-5B5A-4842-83B2-85C45A956548}.Debug|ARM.ActiveCfg = Debug|Any CPU
		{F916719F-5B5A-4842-83B2-85C45A956548}.Debug|ARM.Build.0 = Debug|Any CPU
		{F916719F-5B5A-4842-83B2-85C45A956548}.Debug|x64.ActiveCfg = Debug|Any CPU
		{F916719F-5B5A-4842-83B2-85C45A956548}.Debug|x64.Build.0 = Debug|Any CPU
		{F916719F-5B5A-4842-83B2-85C45A956548}.Debug|x86.ActiveCfg = Debug|Any CPU
		{F916719F-5B5A-4842-83B2-85C45A956548}.Debug|x86.Build.0 = Debug|Any CPU
		{F916719F-5B5A-4842-83B2-85C45A956548}.Release|Any CPU.ActiveCfg = Release|Any CPU
		{F916719F-5B5A-4842-83B2-85C45A956548}.Release|Any CPU.Build.0 = Release|Any CPU
		{F916719F-5B5A-4842-83B2-85C45A956548}.Release|ARM.ActiveCfg = Release|Any CPU
		{F916719F-5B5A-4842-83B2-85C45A956548}.Release|ARM.Build.0 = Release|Any CPU
		{F916719F-5B5A-4842-83B2-85C45A956548}.Release|x64.ActiveCfg = Release|Any CPU
		{F916719F-5B5A-4842-83B2-85C45A956548}.Release|x64.Build.0 = Release|Any CPU
		{F916719F-5B5A-4842-83B2-85C45A956548}.Release|x86.ActiveCfg = Release|Any CPU
		{F916719F-5B5A-4842-83B2-85C45A956548}.Release|x86.Build.0 = Release|Any CPU
		{7E5705D0-AC34-47CC-88E0-C191A0BDFCBF}.Debug|Any CPU.ActiveCfg = Debug|Any CPU
		{7E5705D0-AC34-47CC-88E0-C191A0BDFCBF}.Debug|Any CPU.Build.0 = Debug|Any CPU
		{7E5705D0-AC34-47CC-88E0-C191A0BDFCBF}.Debug|ARM.ActiveCfg = Debug|Any CPU
		{7E5705D0-AC34-47CC-88E0-C191A0BDFCBF}.Debug|ARM.Build.0 = Debug|Any CPU
		{7E5705D0-AC34-47CC-88E0-C191A0BDFCBF}.Debug|x64.ActiveCfg = Debug|Any CPU
		{7E5705D0-AC34-47CC-88E0-C191A0BDFCBF}.Debug|x64.Build.0 = Debug|Any CPU
		{7E5705D0-AC34-47CC-88E0-C191A0BDFCBF}.Debug|x86.ActiveCfg = Debug|Any CPU
		{7E5705D0-AC34-47CC-88E0-C191A0BDFCBF}.Debug|x86.Build.0 = Debug|Any CPU
		{7E5705D0-AC34-47CC-88E0-C191A0BDFCBF}.Release|Any CPU.ActiveCfg = Release|Any CPU
		{7E5705D0-AC34-47CC-88E0-C191A0BDFCBF}.Release|Any CPU.Build.0 = Release|Any CPU
		{7E5705D0-AC34-47CC-88E0-C191A0BDFCBF}.Release|ARM.ActiveCfg = Release|Any CPU
		{7E5705D0-AC34-47CC-88E0-C191A0BDFCBF}.Release|ARM.Build.0 = Release|Any CPU
		{7E5705D0-AC34-47CC-88E0-C191A0BDFCBF}.Release|x64.ActiveCfg = Release|Any CPU
		{7E5705D0-AC34-47CC-88E0-C191A0BDFCBF}.Release|x64.Build.0 = Release|Any CPU
		{7E5705D0-AC34-47CC-88E0-C191A0BDFCBF}.Release|x86.ActiveCfg = Release|Any CPU
		{7E5705D0-AC34-47CC-88E0-C191A0BDFCBF}.Release|x86.Build.0 = Release|Any CPU
		{630A63F8-9517-4EA2-8E51-0BBDBBEF6D27}.Debug|Any CPU.ActiveCfg = Debug|Any CPU
		{630A63F8-9517-4EA2-8E51-0BBDBBEF6D27}.Debug|Any CPU.Build.0 = Debug|Any CPU
		{630A63F8-9517-4EA2-8E51-0BBDBBEF6D27}.Debug|ARM.ActiveCfg = Debug|Any CPU
		{630A63F8-9517-4EA2-8E51-0BBDBBEF6D27}.Debug|ARM.Build.0 = Debug|Any CPU
		{630A63F8-9517-4EA2-8E51-0BBDBBEF6D27}.Debug|x64.ActiveCfg = Debug|Any CPU
		{630A63F8-9517-4EA2-8E51-0BBDBBEF6D27}.Debug|x64.Build.0 = Debug|Any CPU
		{630A63F8-9517-4EA2-8E51-0BBDBBEF6D27}.Debug|x86.ActiveCfg = Debug|Any CPU
		{630A63F8-9517-4EA2-8E51-0BBDBBEF6D27}.Debug|x86.Build.0 = Debug|Any CPU
		{630A63F8-9517-4EA2-8E51-0BBDBBEF6D27}.Release|Any CPU.ActiveCfg = Release|Any CPU
		{630A63F8-9517-4EA2-8E51-0BBDBBEF6D27}.Release|Any CPU.Build.0 = Release|Any CPU
		{630A63F8-9517-4EA2-8E51-0BBDBBEF6D27}.Release|ARM.ActiveCfg = Release|Any CPU
		{630A63F8-9517-4EA2-8E51-0BBDBBEF6D27}.Release|ARM.Build.0 = Release|Any CPU
		{630A63F8-9517-4EA2-8E51-0BBDBBEF6D27}.Release|x64.ActiveCfg = Release|Any CPU
		{630A63F8-9517-4EA2-8E51-0BBDBBEF6D27}.Release|x64.Build.0 = Release|Any CPU
		{630A63F8-9517-4EA2-8E51-0BBDBBEF6D27}.Release|x86.ActiveCfg = Release|Any CPU
		{630A63F8-9517-4EA2-8E51-0BBDBBEF6D27}.Release|x86.Build.0 = Release|Any CPU
		{000C436B-ED8E-447D-B6D8-23868B863855}.Debug|Any CPU.ActiveCfg = Debug|Any CPU
		{000C436B-ED8E-447D-B6D8-23868B863855}.Debug|Any CPU.Build.0 = Debug|Any CPU
		{000C436B-ED8E-447D-B6D8-23868B863855}.Debug|ARM.ActiveCfg = Debug|Any CPU
		{000C436B-ED8E-447D-B6D8-23868B863855}.Debug|ARM.Build.0 = Debug|Any CPU
		{000C436B-ED8E-447D-B6D8-23868B863855}.Debug|x64.ActiveCfg = Debug|Any CPU
		{000C436B-ED8E-447D-B6D8-23868B863855}.Debug|x64.Build.0 = Debug|Any CPU
		{000C436B-ED8E-447D-B6D8-23868B863855}.Debug|x86.ActiveCfg = Debug|Any CPU
		{000C436B-ED8E-447D-B6D8-23868B863855}.Debug|x86.Build.0 = Debug|Any CPU
		{000C436B-ED8E-447D-B6D8-23868B863855}.Release|Any CPU.ActiveCfg = Release|Any CPU
		{000C436B-ED8E-447D-B6D8-23868B863855}.Release|Any CPU.Build.0 = Release|Any CPU
		{000C436B-ED8E-447D-B6D8-23868B863855}.Release|ARM.ActiveCfg = Release|Any CPU
		{000C436B-ED8E-447D-B6D8-23868B863855}.Release|ARM.Build.0 = Release|Any CPU
		{000C436B-ED8E-447D-B6D8-23868B863855}.Release|x64.ActiveCfg = Release|Any CPU
		{000C436B-ED8E-447D-B6D8-23868B863855}.Release|x64.Build.0 = Release|Any CPU
		{000C436B-ED8E-447D-B6D8-23868B863855}.Release|x86.ActiveCfg = Release|Any CPU
		{000C436B-ED8E-447D-B6D8-23868B863855}.Release|x86.Build.0 = Release|Any CPU
		{BF0D0D9C-D2E7-4DDF-976D-E9475E950771}.Debug|Any CPU.ActiveCfg = Debug|Any CPU
		{BF0D0D9C-D2E7-4DDF-976D-E9475E950771}.Debug|Any CPU.Build.0 = Debug|Any CPU
		{BF0D0D9C-D2E7-4DDF-976D-E9475E950771}.Debug|ARM.ActiveCfg = Debug|Any CPU
		{BF0D0D9C-D2E7-4DDF-976D-E9475E950771}.Debug|ARM.Build.0 = Debug|Any CPU
		{BF0D0D9C-D2E7-4DDF-976D-E9475E950771}.Debug|x64.ActiveCfg = Debug|Any CPU
		{BF0D0D9C-D2E7-4DDF-976D-E9475E950771}.Debug|x64.Build.0 = Debug|Any CPU
		{BF0D0D9C-D2E7-4DDF-976D-E9475E950771}.Debug|x86.ActiveCfg = Debug|Any CPU
		{BF0D0D9C-D2E7-4DDF-976D-E9475E950771}.Debug|x86.Build.0 = Debug|Any CPU
		{BF0D0D9C-D2E7-4DDF-976D-E9475E950771}.Release|Any CPU.ActiveCfg = Release|Any CPU
		{BF0D0D9C-D2E7-4DDF-976D-E9475E950771}.Release|Any CPU.Build.0 = Release|Any CPU
		{BF0D0D9C-D2E7-4DDF-976D-E9475E950771}.Release|ARM.ActiveCfg = Release|Any CPU
		{BF0D0D9C-D2E7-4DDF-976D-E9475E950771}.Release|ARM.Build.0 = Release|Any CPU
		{BF0D0D9C-D2E7-4DDF-976D-E9475E950771}.Release|x64.ActiveCfg = Release|Any CPU
		{BF0D0D9C-D2E7-4DDF-976D-E9475E950771}.Release|x64.Build.0 = Release|Any CPU
		{BF0D0D9C-D2E7-4DDF-976D-E9475E950771}.Release|x86.ActiveCfg = Release|Any CPU
		{BF0D0D9C-D2E7-4DDF-976D-E9475E950771}.Release|x86.Build.0 = Release|Any CPU
		{3F63A294-EB19-4BB5-A950-912160B854CD}.Debug|Any CPU.ActiveCfg = Debug|Any CPU
		{3F63A294-EB19-4BB5-A950-912160B854CD}.Debug|Any CPU.Build.0 = Debug|Any CPU
		{3F63A294-EB19-4BB5-A950-912160B854CD}.Debug|ARM.ActiveCfg = Debug|Any CPU
		{3F63A294-EB19-4BB5-A950-912160B854CD}.Debug|ARM.Build.0 = Debug|Any CPU
		{3F63A294-EB19-4BB5-A950-912160B854CD}.Debug|x64.ActiveCfg = Debug|Any CPU
		{3F63A294-EB19-4BB5-A950-912160B854CD}.Debug|x64.Build.0 = Debug|Any CPU
		{3F63A294-EB19-4BB5-A950-912160B854CD}.Debug|x86.ActiveCfg = Debug|Any CPU
		{3F63A294-EB19-4BB5-A950-912160B854CD}.Debug|x86.Build.0 = Debug|Any CPU
		{3F63A294-EB19-4BB5-A950-912160B854CD}.Release|Any CPU.ActiveCfg = Release|Any CPU
		{3F63A294-EB19-4BB5-A950-912160B854CD}.Release|Any CPU.Build.0 = Release|Any CPU
		{3F63A294-EB19-4BB5-A950-912160B854CD}.Release|ARM.ActiveCfg = Release|Any CPU
		{3F63A294-EB19-4BB5-A950-912160B854CD}.Release|ARM.Build.0 = Release|Any CPU
		{3F63A294-EB19-4BB5-A950-912160B854CD}.Release|x64.ActiveCfg = Release|Any CPU
		{3F63A294-EB19-4BB5-A950-912160B854CD}.Release|x64.Build.0 = Release|Any CPU
		{3F63A294-EB19-4BB5-A950-912160B854CD}.Release|x86.ActiveCfg = Release|Any CPU
		{3F63A294-EB19-4BB5-A950-912160B854CD}.Release|x86.Build.0 = Release|Any CPU
		{6872C6FC-3816-46DA-AE2B-4DFAF4FD0024}.Debug|Any CPU.ActiveCfg = Debug|Any CPU
		{6872C6FC-3816-46DA-AE2B-4DFAF4FD0024}.Debug|Any CPU.Build.0 = Debug|Any CPU
		{6872C6FC-3816-46DA-AE2B-4DFAF4FD0024}.Debug|ARM.ActiveCfg = Debug|Any CPU
		{6872C6FC-3816-46DA-AE2B-4DFAF4FD0024}.Debug|ARM.Build.0 = Debug|Any CPU
		{6872C6FC-3816-46DA-AE2B-4DFAF4FD0024}.Debug|x64.ActiveCfg = Debug|Any CPU
		{6872C6FC-3816-46DA-AE2B-4DFAF4FD0024}.Debug|x64.Build.0 = Debug|Any CPU
		{6872C6FC-3816-46DA-AE2B-4DFAF4FD0024}.Debug|x86.ActiveCfg = Debug|Any CPU
		{6872C6FC-3816-46DA-AE2B-4DFAF4FD0024}.Debug|x86.Build.0 = Debug|Any CPU
		{6872C6FC-3816-46DA-AE2B-4DFAF4FD0024}.Release|Any CPU.ActiveCfg = Release|Any CPU
		{6872C6FC-3816-46DA-AE2B-4DFAF4FD0024}.Release|Any CPU.Build.0 = Release|Any CPU
		{6872C6FC-3816-46DA-AE2B-4DFAF4FD0024}.Release|ARM.ActiveCfg = Release|Any CPU
		{6872C6FC-3816-46DA-AE2B-4DFAF4FD0024}.Release|ARM.Build.0 = Release|Any CPU
		{6872C6FC-3816-46DA-AE2B-4DFAF4FD0024}.Release|x64.ActiveCfg = Release|Any CPU
		{6872C6FC-3816-46DA-AE2B-4DFAF4FD0024}.Release|x64.Build.0 = Release|Any CPU
		{6872C6FC-3816-46DA-AE2B-4DFAF4FD0024}.Release|x86.ActiveCfg = Release|Any CPU
		{6872C6FC-3816-46DA-AE2B-4DFAF4FD0024}.Release|x86.Build.0 = Release|Any CPU
		{636CD5AE-FDFD-4208-AB2E-D220ACFB5C18}.Debug|Any CPU.ActiveCfg = Debug|Any CPU
		{636CD5AE-FDFD-4208-AB2E-D220ACFB5C18}.Debug|Any CPU.Build.0 = Debug|Any CPU
		{636CD5AE-FDFD-4208-AB2E-D220ACFB5C18}.Debug|ARM.ActiveCfg = Debug|Any CPU
		{636CD5AE-FDFD-4208-AB2E-D220ACFB5C18}.Debug|ARM.Build.0 = Debug|Any CPU
		{636CD5AE-FDFD-4208-AB2E-D220ACFB5C18}.Debug|x64.ActiveCfg = Debug|Any CPU
		{636CD5AE-FDFD-4208-AB2E-D220ACFB5C18}.Debug|x64.Build.0 = Debug|Any CPU
		{636CD5AE-FDFD-4208-AB2E-D220ACFB5C18}.Debug|x86.ActiveCfg = Debug|Any CPU
		{636CD5AE-FDFD-4208-AB2E-D220ACFB5C18}.Debug|x86.Build.0 = Debug|Any CPU
		{636CD5AE-FDFD-4208-AB2E-D220ACFB5C18}.Release|Any CPU.ActiveCfg = Release|Any CPU
		{636CD5AE-FDFD-4208-AB2E-D220ACFB5C18}.Release|Any CPU.Build.0 = Release|Any CPU
		{636CD5AE-FDFD-4208-AB2E-D220ACFB5C18}.Release|ARM.ActiveCfg = Release|Any CPU
		{636CD5AE-FDFD-4208-AB2E-D220ACFB5C18}.Release|ARM.Build.0 = Release|Any CPU
		{636CD5AE-FDFD-4208-AB2E-D220ACFB5C18}.Release|x64.ActiveCfg = Release|Any CPU
		{636CD5AE-FDFD-4208-AB2E-D220ACFB5C18}.Release|x64.Build.0 = Release|Any CPU
		{636CD5AE-FDFD-4208-AB2E-D220ACFB5C18}.Release|x86.ActiveCfg = Release|Any CPU
		{636CD5AE-FDFD-4208-AB2E-D220ACFB5C18}.Release|x86.Build.0 = Release|Any CPU
		{FA4241FD-8A77-4A20-B3E8-A98F0A5CA438}.Debug|Any CPU.ActiveCfg = Debug|Any CPU
		{FA4241FD-8A77-4A20-B3E8-A98F0A5CA438}.Debug|Any CPU.Build.0 = Debug|Any CPU
		{FA4241FD-8A77-4A20-B3E8-A98F0A5CA438}.Debug|ARM.ActiveCfg = Debug|Any CPU
		{FA4241FD-8A77-4A20-B3E8-A98F0A5CA438}.Debug|ARM.Build.0 = Debug|Any CPU
		{FA4241FD-8A77-4A20-B3E8-A98F0A5CA438}.Debug|x64.ActiveCfg = Debug|Any CPU
		{FA4241FD-8A77-4A20-B3E8-A98F0A5CA438}.Debug|x64.Build.0 = Debug|Any CPU
		{FA4241FD-8A77-4A20-B3E8-A98F0A5CA438}.Debug|x86.ActiveCfg = Debug|Any CPU
		{FA4241FD-8A77-4A20-B3E8-A98F0A5CA438}.Debug|x86.Build.0 = Debug|Any CPU
		{FA4241FD-8A77-4A20-B3E8-A98F0A5CA438}.Release|Any CPU.ActiveCfg = Release|Any CPU
		{FA4241FD-8A77-4A20-B3E8-A98F0A5CA438}.Release|Any CPU.Build.0 = Release|Any CPU
		{FA4241FD-8A77-4A20-B3E8-A98F0A5CA438}.Release|ARM.ActiveCfg = Release|Any CPU
		{FA4241FD-8A77-4A20-B3E8-A98F0A5CA438}.Release|ARM.Build.0 = Release|Any CPU
		{FA4241FD-8A77-4A20-B3E8-A98F0A5CA438}.Release|x64.ActiveCfg = Release|Any CPU
		{FA4241FD-8A77-4A20-B3E8-A98F0A5CA438}.Release|x64.Build.0 = Release|Any CPU
		{FA4241FD-8A77-4A20-B3E8-A98F0A5CA438}.Release|x86.ActiveCfg = Release|Any CPU
		{FA4241FD-8A77-4A20-B3E8-A98F0A5CA438}.Release|x86.Build.0 = Release|Any CPU
		{2AC17F10-0CE4-4FA8-81AD-CA18E2687C48}.Debug|Any CPU.ActiveCfg = Debug|Any CPU
		{2AC17F10-0CE4-4FA8-81AD-CA18E2687C48}.Debug|Any CPU.Build.0 = Debug|Any CPU
		{2AC17F10-0CE4-4FA8-81AD-CA18E2687C48}.Debug|ARM.ActiveCfg = Debug|Any CPU
		{2AC17F10-0CE4-4FA8-81AD-CA18E2687C48}.Debug|ARM.Build.0 = Debug|Any CPU
		{2AC17F10-0CE4-4FA8-81AD-CA18E2687C48}.Debug|x64.ActiveCfg = Debug|Any CPU
		{2AC17F10-0CE4-4FA8-81AD-CA18E2687C48}.Debug|x64.Build.0 = Debug|Any CPU
		{2AC17F10-0CE4-4FA8-81AD-CA18E2687C48}.Debug|x86.ActiveCfg = Debug|Any CPU
		{2AC17F10-0CE4-4FA8-81AD-CA18E2687C48}.Debug|x86.Build.0 = Debug|Any CPU
		{2AC17F10-0CE4-4FA8-81AD-CA18E2687C48}.Release|Any CPU.ActiveCfg = Release|Any CPU
		{2AC17F10-0CE4-4FA8-81AD-CA18E2687C48}.Release|Any CPU.Build.0 = Release|Any CPU
		{2AC17F10-0CE4-4FA8-81AD-CA18E2687C48}.Release|ARM.ActiveCfg = Release|Any CPU
		{2AC17F10-0CE4-4FA8-81AD-CA18E2687C48}.Release|ARM.Build.0 = Release|Any CPU
		{2AC17F10-0CE4-4FA8-81AD-CA18E2687C48}.Release|x64.ActiveCfg = Release|Any CPU
		{2AC17F10-0CE4-4FA8-81AD-CA18E2687C48}.Release|x64.Build.0 = Release|Any CPU
		{2AC17F10-0CE4-4FA8-81AD-CA18E2687C48}.Release|x86.ActiveCfg = Release|Any CPU
		{2AC17F10-0CE4-4FA8-81AD-CA18E2687C48}.Release|x86.Build.0 = Release|Any CPU
		{1A648C78-67C1-48F6-8CBA-C7EE3F53580A}.Debug|Any CPU.ActiveCfg = Debug|Any CPU
		{1A648C78-67C1-48F6-8CBA-C7EE3F53580A}.Debug|Any CPU.Build.0 = Debug|Any CPU
		{1A648C78-67C1-48F6-8CBA-C7EE3F53580A}.Debug|ARM.ActiveCfg = Debug|Any CPU
		{1A648C78-67C1-48F6-8CBA-C7EE3F53580A}.Debug|ARM.Build.0 = Debug|Any CPU
		{1A648C78-67C1-48F6-8CBA-C7EE3F53580A}.Debug|x64.ActiveCfg = Debug|Any CPU
		{1A648C78-67C1-48F6-8CBA-C7EE3F53580A}.Debug|x64.Build.0 = Debug|Any CPU
		{1A648C78-67C1-48F6-8CBA-C7EE3F53580A}.Debug|x86.ActiveCfg = Debug|Any CPU
		{1A648C78-67C1-48F6-8CBA-C7EE3F53580A}.Debug|x86.Build.0 = Debug|Any CPU
		{1A648C78-67C1-48F6-8CBA-C7EE3F53580A}.Release|Any CPU.ActiveCfg = Release|Any CPU
		{1A648C78-67C1-48F6-8CBA-C7EE3F53580A}.Release|Any CPU.Build.0 = Release|Any CPU
		{1A648C78-67C1-48F6-8CBA-C7EE3F53580A}.Release|ARM.ActiveCfg = Release|Any CPU
		{1A648C78-67C1-48F6-8CBA-C7EE3F53580A}.Release|ARM.Build.0 = Release|Any CPU
		{1A648C78-67C1-48F6-8CBA-C7EE3F53580A}.Release|x64.ActiveCfg = Release|Any CPU
		{1A648C78-67C1-48F6-8CBA-C7EE3F53580A}.Release|x64.Build.0 = Release|Any CPU
		{1A648C78-67C1-48F6-8CBA-C7EE3F53580A}.Release|x86.ActiveCfg = Release|Any CPU
		{1A648C78-67C1-48F6-8CBA-C7EE3F53580A}.Release|x86.Build.0 = Release|Any CPU
		{8DF4863A-4349-48AC-BCD0-E6D0431AAAA1}.Debug|Any CPU.ActiveCfg = Debug|Any CPU
		{8DF4863A-4349-48AC-BCD0-E6D0431AAAA1}.Debug|Any CPU.Build.0 = Debug|Any CPU
		{8DF4863A-4349-48AC-BCD0-E6D0431AAAA1}.Debug|ARM.ActiveCfg = Debug|Any CPU
		{8DF4863A-4349-48AC-BCD0-E6D0431AAAA1}.Debug|ARM.Build.0 = Debug|Any CPU
		{8DF4863A-4349-48AC-BCD0-E6D0431AAAA1}.Debug|x64.ActiveCfg = Debug|Any CPU
		{8DF4863A-4349-48AC-BCD0-E6D0431AAAA1}.Debug|x64.Build.0 = Debug|Any CPU
		{8DF4863A-4349-48AC-BCD0-E6D0431AAAA1}.Debug|x86.ActiveCfg = Debug|Any CPU
		{8DF4863A-4349-48AC-BCD0-E6D0431AAAA1}.Debug|x86.Build.0 = Debug|Any CPU
		{8DF4863A-4349-48AC-BCD0-E6D0431AAAA1}.Release|Any CPU.ActiveCfg = Release|Any CPU
		{8DF4863A-4349-48AC-BCD0-E6D0431AAAA1}.Release|Any CPU.Build.0 = Release|Any CPU
		{8DF4863A-4349-48AC-BCD0-E6D0431AAAA1}.Release|ARM.ActiveCfg = Release|Any CPU
		{8DF4863A-4349-48AC-BCD0-E6D0431AAAA1}.Release|ARM.Build.0 = Release|Any CPU
		{8DF4863A-4349-48AC-BCD0-E6D0431AAAA1}.Release|x64.ActiveCfg = Release|Any CPU
		{8DF4863A-4349-48AC-BCD0-E6D0431AAAA1}.Release|x64.Build.0 = Release|Any CPU
		{8DF4863A-4349-48AC-BCD0-E6D0431AAAA1}.Release|x86.ActiveCfg = Release|Any CPU
		{8DF4863A-4349-48AC-BCD0-E6D0431AAAA1}.Release|x86.Build.0 = Release|Any CPU
		{93832162-4099-48C8-ADFB-CF2C748F253B}.Debug|Any CPU.ActiveCfg = Debug|Any CPU
		{93832162-4099-48C8-ADFB-CF2C748F253B}.Debug|Any CPU.Build.0 = Debug|Any CPU
		{93832162-4099-48C8-ADFB-CF2C748F253B}.Debug|ARM.ActiveCfg = Debug|Any CPU
		{93832162-4099-48C8-ADFB-CF2C748F253B}.Debug|ARM.Build.0 = Debug|Any CPU
		{93832162-4099-48C8-ADFB-CF2C748F253B}.Debug|x64.ActiveCfg = Debug|Any CPU
		{93832162-4099-48C8-ADFB-CF2C748F253B}.Debug|x64.Build.0 = Debug|Any CPU
		{93832162-4099-48C8-ADFB-CF2C748F253B}.Debug|x86.ActiveCfg = Debug|Any CPU
		{93832162-4099-48C8-ADFB-CF2C748F253B}.Debug|x86.Build.0 = Debug|Any CPU
		{93832162-4099-48C8-ADFB-CF2C748F253B}.Release|Any CPU.ActiveCfg = Release|Any CPU
		{93832162-4099-48C8-ADFB-CF2C748F253B}.Release|Any CPU.Build.0 = Release|Any CPU
		{93832162-4099-48C8-ADFB-CF2C748F253B}.Release|ARM.ActiveCfg = Release|Any CPU
		{93832162-4099-48C8-ADFB-CF2C748F253B}.Release|ARM.Build.0 = Release|Any CPU
		{93832162-4099-48C8-ADFB-CF2C748F253B}.Release|x64.ActiveCfg = Release|Any CPU
		{93832162-4099-48C8-ADFB-CF2C748F253B}.Release|x64.Build.0 = Release|Any CPU
		{93832162-4099-48C8-ADFB-CF2C748F253B}.Release|x86.ActiveCfg = Release|Any CPU
		{93832162-4099-48C8-ADFB-CF2C748F253B}.Release|x86.Build.0 = Release|Any CPU
		{0F2375CB-1F95-4A2B-8413-F8521CB05DFB}.Debug|Any CPU.ActiveCfg = Debug|Any CPU
		{0F2375CB-1F95-4A2B-8413-F8521CB05DFB}.Debug|Any CPU.Build.0 = Debug|Any CPU
		{0F2375CB-1F95-4A2B-8413-F8521CB05DFB}.Debug|ARM.ActiveCfg = Debug|Any CPU
		{0F2375CB-1F95-4A2B-8413-F8521CB05DFB}.Debug|ARM.Build.0 = Debug|Any CPU
		{0F2375CB-1F95-4A2B-8413-F8521CB05DFB}.Debug|x64.ActiveCfg = Debug|Any CPU
		{0F2375CB-1F95-4A2B-8413-F8521CB05DFB}.Debug|x64.Build.0 = Debug|Any CPU
		{0F2375CB-1F95-4A2B-8413-F8521CB05DFB}.Debug|x86.ActiveCfg = Debug|Any CPU
		{0F2375CB-1F95-4A2B-8413-F8521CB05DFB}.Debug|x86.Build.0 = Debug|Any CPU
		{0F2375CB-1F95-4A2B-8413-F8521CB05DFB}.Release|Any CPU.ActiveCfg = Release|Any CPU
		{0F2375CB-1F95-4A2B-8413-F8521CB05DFB}.Release|Any CPU.Build.0 = Release|Any CPU
		{0F2375CB-1F95-4A2B-8413-F8521CB05DFB}.Release|ARM.ActiveCfg = Release|Any CPU
		{0F2375CB-1F95-4A2B-8413-F8521CB05DFB}.Release|ARM.Build.0 = Release|Any CPU
		{0F2375CB-1F95-4A2B-8413-F8521CB05DFB}.Release|x64.ActiveCfg = Release|Any CPU
		{0F2375CB-1F95-4A2B-8413-F8521CB05DFB}.Release|x64.Build.0 = Release|Any CPU
		{0F2375CB-1F95-4A2B-8413-F8521CB05DFB}.Release|x86.ActiveCfg = Release|Any CPU
		{0F2375CB-1F95-4A2B-8413-F8521CB05DFB}.Release|x86.Build.0 = Release|Any CPU
		{6B5F6411-6042-41C7-BC93-EFB169BD0774}.Debug|Any CPU.ActiveCfg = Debug|Any CPU
		{6B5F6411-6042-41C7-BC93-EFB169BD0774}.Debug|Any CPU.Build.0 = Debug|Any CPU
		{6B5F6411-6042-41C7-BC93-EFB169BD0774}.Debug|ARM.ActiveCfg = Debug|Any CPU
		{6B5F6411-6042-41C7-BC93-EFB169BD0774}.Debug|ARM.Build.0 = Debug|Any CPU
		{6B5F6411-6042-41C7-BC93-EFB169BD0774}.Debug|x64.ActiveCfg = Debug|Any CPU
		{6B5F6411-6042-41C7-BC93-EFB169BD0774}.Debug|x64.Build.0 = Debug|Any CPU
		{6B5F6411-6042-41C7-BC93-EFB169BD0774}.Debug|x86.ActiveCfg = Debug|Any CPU
		{6B5F6411-6042-41C7-BC93-EFB169BD0774}.Debug|x86.Build.0 = Debug|Any CPU
		{6B5F6411-6042-41C7-BC93-EFB169BD0774}.Release|Any CPU.ActiveCfg = Release|Any CPU
		{6B5F6411-6042-41C7-BC93-EFB169BD0774}.Release|Any CPU.Build.0 = Release|Any CPU
		{6B5F6411-6042-41C7-BC93-EFB169BD0774}.Release|ARM.ActiveCfg = Release|Any CPU
		{6B5F6411-6042-41C7-BC93-EFB169BD0774}.Release|ARM.Build.0 = Release|Any CPU
		{6B5F6411-6042-41C7-BC93-EFB169BD0774}.Release|x64.ActiveCfg = Release|Any CPU
		{6B5F6411-6042-41C7-BC93-EFB169BD0774}.Release|x64.Build.0 = Release|Any CPU
		{6B5F6411-6042-41C7-BC93-EFB169BD0774}.Release|x86.ActiveCfg = Release|Any CPU
		{6B5F6411-6042-41C7-BC93-EFB169BD0774}.Release|x86.Build.0 = Release|Any CPU
		{E4A2778D-A7E3-45B1-B558-F33185AA8A80}.Debug|Any CPU.ActiveCfg = Debug|Any CPU
		{E4A2778D-A7E3-45B1-B558-F33185AA8A80}.Debug|Any CPU.Build.0 = Debug|Any CPU
		{E4A2778D-A7E3-45B1-B558-F33185AA8A80}.Debug|ARM.ActiveCfg = Debug|Any CPU
		{E4A2778D-A7E3-45B1-B558-F33185AA8A80}.Debug|ARM.Build.0 = Debug|Any CPU
		{E4A2778D-A7E3-45B1-B558-F33185AA8A80}.Debug|x64.ActiveCfg = Debug|Any CPU
		{E4A2778D-A7E3-45B1-B558-F33185AA8A80}.Debug|x64.Build.0 = Debug|Any CPU
		{E4A2778D-A7E3-45B1-B558-F33185AA8A80}.Debug|x86.ActiveCfg = Debug|Any CPU
		{E4A2778D-A7E3-45B1-B558-F33185AA8A80}.Debug|x86.Build.0 = Debug|Any CPU
		{E4A2778D-A7E3-45B1-B558-F33185AA8A80}.Release|Any CPU.ActiveCfg = Release|Any CPU
		{E4A2778D-A7E3-45B1-B558-F33185AA8A80}.Release|Any CPU.Build.0 = Release|Any CPU
		{E4A2778D-A7E3-45B1-B558-F33185AA8A80}.Release|ARM.ActiveCfg = Release|Any CPU
		{E4A2778D-A7E3-45B1-B558-F33185AA8A80}.Release|ARM.Build.0 = Release|Any CPU
		{E4A2778D-A7E3-45B1-B558-F33185AA8A80}.Release|x64.ActiveCfg = Release|Any CPU
		{E4A2778D-A7E3-45B1-B558-F33185AA8A80}.Release|x64.Build.0 = Release|Any CPU
		{E4A2778D-A7E3-45B1-B558-F33185AA8A80}.Release|x86.ActiveCfg = Release|Any CPU
		{E4A2778D-A7E3-45B1-B558-F33185AA8A80}.Release|x86.Build.0 = Release|Any CPU
		{A0852B32-E92E-473C-B18A-BC016CAF3D3A}.Debug|Any CPU.ActiveCfg = Debug|Any CPU
		{A0852B32-E92E-473C-B18A-BC016CAF3D3A}.Debug|Any CPU.Build.0 = Debug|Any CPU
		{A0852B32-E92E-473C-B18A-BC016CAF3D3A}.Debug|ARM.ActiveCfg = Debug|Any CPU
		{A0852B32-E92E-473C-B18A-BC016CAF3D3A}.Debug|ARM.Build.0 = Debug|Any CPU
		{A0852B32-E92E-473C-B18A-BC016CAF3D3A}.Debug|x64.ActiveCfg = Debug|Any CPU
		{A0852B32-E92E-473C-B18A-BC016CAF3D3A}.Debug|x64.Build.0 = Debug|Any CPU
		{A0852B32-E92E-473C-B18A-BC016CAF3D3A}.Debug|x86.ActiveCfg = Debug|Any CPU
		{A0852B32-E92E-473C-B18A-BC016CAF3D3A}.Debug|x86.Build.0 = Debug|Any CPU
		{A0852B32-E92E-473C-B18A-BC016CAF3D3A}.Release|Any CPU.ActiveCfg = Release|Any CPU
		{A0852B32-E92E-473C-B18A-BC016CAF3D3A}.Release|Any CPU.Build.0 = Release|Any CPU
		{A0852B32-E92E-473C-B18A-BC016CAF3D3A}.Release|ARM.ActiveCfg = Release|Any CPU
		{A0852B32-E92E-473C-B18A-BC016CAF3D3A}.Release|ARM.Build.0 = Release|Any CPU
		{A0852B32-E92E-473C-B18A-BC016CAF3D3A}.Release|x64.ActiveCfg = Release|Any CPU
		{A0852B32-E92E-473C-B18A-BC016CAF3D3A}.Release|x64.Build.0 = Release|Any CPU
		{A0852B32-E92E-473C-B18A-BC016CAF3D3A}.Release|x86.ActiveCfg = Release|Any CPU
		{A0852B32-E92E-473C-B18A-BC016CAF3D3A}.Release|x86.Build.0 = Release|Any CPU
		{EB61C3B6-C38E-44FA-949D-30629392B1F0}.Debug|Any CPU.ActiveCfg = Debug|Any CPU
		{EB61C3B6-C38E-44FA-949D-30629392B1F0}.Debug|Any CPU.Build.0 = Debug|Any CPU
		{EB61C3B6-C38E-44FA-949D-30629392B1F0}.Debug|ARM.ActiveCfg = Debug|Any CPU
		{EB61C3B6-C38E-44FA-949D-30629392B1F0}.Debug|ARM.Build.0 = Debug|Any CPU
		{EB61C3B6-C38E-44FA-949D-30629392B1F0}.Debug|x64.ActiveCfg = Debug|Any CPU
		{EB61C3B6-C38E-44FA-949D-30629392B1F0}.Debug|x64.Build.0 = Debug|Any CPU
		{EB61C3B6-C38E-44FA-949D-30629392B1F0}.Debug|x86.ActiveCfg = Debug|Any CPU
		{EB61C3B6-C38E-44FA-949D-30629392B1F0}.Debug|x86.Build.0 = Debug|Any CPU
		{EB61C3B6-C38E-44FA-949D-30629392B1F0}.Release|Any CPU.ActiveCfg = Release|Any CPU
		{EB61C3B6-C38E-44FA-949D-30629392B1F0}.Release|Any CPU.Build.0 = Release|Any CPU
		{EB61C3B6-C38E-44FA-949D-30629392B1F0}.Release|ARM.ActiveCfg = Release|Any CPU
		{EB61C3B6-C38E-44FA-949D-30629392B1F0}.Release|ARM.Build.0 = Release|Any CPU
		{EB61C3B6-C38E-44FA-949D-30629392B1F0}.Release|x64.ActiveCfg = Release|Any CPU
		{EB61C3B6-C38E-44FA-949D-30629392B1F0}.Release|x64.Build.0 = Release|Any CPU
		{EB61C3B6-C38E-44FA-949D-30629392B1F0}.Release|x86.ActiveCfg = Release|Any CPU
		{EB61C3B6-C38E-44FA-949D-30629392B1F0}.Release|x86.Build.0 = Release|Any CPU
	EndGlobalSection
	GlobalSection(SolutionProperties) = preSolution
		HideSolutionNode = FALSE
	EndGlobalSection
EndGlobal
