
Microsoft Visual Studio Solution File, Format Version 12.00
# Visual Studio 14
VisualStudioVersion = 14.0.25123.0
MinimumVisualStudioVersion = 10.0.40219.1
Project("{FAE04EC0-301F-11D3-BF4B-00C04F79EFBC}") = "WeekendsBetweenTwoDates", "WeekendsBetweenTwoDates\WeekendsBetweenTwoDates.csproj", "{A7C4F225-B162-4912-9C80-167DC3F0A3FD}"
EndProject
Project("{FAE04EC0-301F-11D3-BF4B-00C04F79EFBC}") = "DoublePalindromes", "DoublePalindromes\DoublePalindromes.csproj", "{DC235735-C9AE-4C11-BE1D-6FF779E0E44D}"
EndProject
Project("{FAE04EC0-301F-11D3-BF4B-00C04F79EFBC}") = "InstructionSet", "InstructionSet\InstructionSet.csproj", "{E24821D7-E45E-4D72-AFC3-2460B649F717}"
EndProject
Project("{FAE04EC0-301F-11D3-BF4B-00C04F79EFBC}") = "BePositive", "BePositive\BePositive.csproj", "{4DB1C780-838C-4E79-9420-A9D6B36CF818}"
EndProject
Project("{FAE04EC0-301F-11D3-BF4B-00C04F79EFBC}") = "ArrayTest", "ArrayTest\ArrayTest.csproj", "{3E050A37-E639-4A8B-95E1-CAFAA13943DA}"
EndProject
Project("{FAE04EC0-301F-11D3-BF4B-00C04F79EFBC}") = "Substring", "Substring\Substring.csproj", "{FE859DC9-326A-4F61-ACBD-7FA12F66510D}"
EndProject
Global
	GlobalSection(SolutionConfigurationPlatforms) = preSolution
		Debug|Any CPU = Debug|Any CPU
		Release|Any CPU = Release|Any CPU
	EndGlobalSection
	GlobalSection(ProjectConfigurationPlatforms) = postSolution
		{A7C4F225-B162-4912-9C80-167DC3F0A3FD}.Debug|Any CPU.ActiveCfg = Debug|Any CPU
		{A7C4F225-B162-4912-9C80-167DC3F0A3FD}.Debug|Any CPU.Build.0 = Debug|Any CPU
		{A7C4F225-B162-4912-9C80-167DC3F0A3FD}.Release|Any CPU.ActiveCfg = Release|Any CPU
		{A7C4F225-B162-4912-9C80-167DC3F0A3FD}.Release|Any CPU.Build.0 = Release|Any CPU
		{DC235735-C9AE-4C11-BE1D-6FF779E0E44D}.Debug|Any CPU.ActiveCfg = Debug|Any CPU
		{DC235735-C9AE-4C11-BE1D-6FF779E0E44D}.Debug|Any CPU.Build.0 = Debug|Any CPU
		{DC235735-C9AE-4C11-BE1D-6FF779E0E44D}.Release|Any CPU.ActiveCfg = Release|Any CPU
		{DC235735-C9AE-4C11-BE1D-6FF779E0E44D}.Release|Any CPU.Build.0 = Release|Any CPU
		{E24821D7-E45E-4D72-AFC3-2460B649F717}.Debug|Any CPU.ActiveCfg = Debug|Any CPU
		{E24821D7-E45E-4D72-AFC3-2460B649F717}.Debug|Any CPU.Build.0 = Debug|Any CPU
		{E24821D7-E45E-4D72-AFC3-2460B649F717}.Release|Any CPU.ActiveCfg = Release|Any CPU
		{E24821D7-E45E-4D72-AFC3-2460B649F717}.Release|Any CPU.Build.0 = Release|Any CPU
		{4DB1C780-838C-4E79-9420-A9D6B36CF818}.Debug|Any CPU.ActiveCfg = Debug|Any CPU
		{4DB1C780-838C-4E79-9420-A9D6B36CF818}.Debug|Any CPU.Build.0 = Debug|Any CPU
		{4DB1C780-838C-4E79-9420-A9D6B36CF818}.Release|Any CPU.ActiveCfg = Release|Any CPU
		{4DB1C780-838C-4E79-9420-A9D6B36CF818}.Release|Any CPU.Build.0 = Release|Any CPU
		{3E050A37-E639-4A8B-95E1-CAFAA13943DA}.Debug|Any CPU.ActiveCfg = Debug|Any CPU
		{3E050A37-E639-4A8B-95E1-CAFAA13943DA}.Debug|Any CPU.Build.0 = Debug|Any CPU
		{3E050A37-E639-4A8B-95E1-CAFAA13943DA}.Release|Any CPU.ActiveCfg = Release|Any CPU
		{3E050A37-E639-4A8B-95E1-CAFAA13943DA}.Release|Any CPU.Build.0 = Release|Any CPU
		{FE859DC9-326A-4F61-ACBD-7FA12F66510D}.Debug|Any CPU.ActiveCfg = Debug|Any CPU
		{FE859DC9-326A-4F61-ACBD-7FA12F66510D}.Debug|Any CPU.Build.0 = Debug|Any CPU
		{FE859DC9-326A-4F61-ACBD-7FA12F66510D}.Release|Any CPU.ActiveCfg = Release|Any CPU
		{FE859DC9-326A-4F61-ACBD-7FA12F66510D}.Release|Any CPU.Build.0 = Release|Any CPU
	EndGlobalSection
	GlobalSection(SolutionProperties) = preSolution
		HideSolutionNode = FALSE
	EndGlobalSection
EndGlobal
