
Microsoft Visual Studio Solution File, Format Version 12.00
# Visual Studio 14
VisualStudioVersion = 14.0.23107.0
MinimumVisualStudioVersion = 10.0.40219.1
Project("{FAE04EC0-301F-11D3-BF4B-00C04F79EFBC}") = "SumOfThreeNumbers", "SumOfThreeNumbers\SumOfThreeNumbers.csproj", "{0B7CFFE9-9FD0-42D9-9CDA-FAE865E0122C}"
EndProject
Project("{FAE04EC0-301F-11D3-BF4B-00C04F79EFBC}") = "T2CompanyInfo", "T2CompanyInfo\T2CompanyInfo.csproj", "{8418C096-2447-4ACA-89C3-BC8EC03E4519}"
EndProject
Project("{FAE04EC0-301F-11D3-BF4B-00C04F79EFBC}") = "T3CirclePerimeterAndArea", "T3CirclePerimeterAndArea\T3CirclePerimeterAndArea.csproj", "{17D454E8-269B-45BD-A8A7-94104C49C263}"
EndProject
Project("{FAE04EC0-301F-11D3-BF4B-00C04F79EFBC}") = "T4NumberComparer", "T4NumberComparer\T4NumberComparer.csproj", "{ED92DF74-4472-49DC-96A2-663FD4900420}"
EndProject
Project("{FAE04EC0-301F-11D3-BF4B-00C04F79EFBC}") = "T5FormattingNumbers", "T5FormattingNumbers\T5FormattingNumbers.csproj", "{51E56BBD-7480-4D52-B4A7-AD8235540E93}"
EndProject
Project("{FAE04EC0-301F-11D3-BF4B-00C04F79EFBC}") = "Т6QuadraticEquation", "Т6QuadraticEquation\Т6QuadraticEquation.csproj", "{998F2E40-C3EB-46BB-AB90-8A37E31913EA}"
EndProject
Project("{FAE04EC0-301F-11D3-BF4B-00C04F79EFBC}") = "T7SumOfFive", "T7SumOfFive\T7SumOfFive.csproj", "{77274561-B95E-4EDD-B146-4D669E41706D}"
EndProject
Project("{FAE04EC0-301F-11D3-BF4B-00C04F79EFBC}") = "T8From1ToN", "T8From1ToN\T8From1ToN.csproj", "{3E6CF5C1-C975-4FEF-B3DD-CF93DBFCD57C}"
EndProject
Project("{FAE04EC0-301F-11D3-BF4B-00C04F79EFBC}") = "T9SumOfNNumbers", "T9SumOfNNumbers\T9SumOfNNumbers.csproj", "{99E771F8-1949-497E-AEAA-9EAA20BAC459}"
EndProject
Project("{FAE04EC0-301F-11D3-BF4B-00C04F79EFBC}") = "T10Fibonacci", "T10Fibonacci\T10Fibonacci.csproj", "{E1624BC3-404D-4E76-A78F-93D2868DCE83}"
EndProject
Project("{FAE04EC0-301F-11D3-BF4B-00C04F79EFBC}") = "T11DividableByFive", "T11DividableByFive\T11DividableByFive.csproj", "{7FA5BD13-C067-4B6F-BE28-6A79C564CC6F}"
EndProject
Project("{FAE04EC0-301F-11D3-BF4B-00C04F79EFBC}") = "11.Dwarf", "11.Dwarf\11.Dwarf.csproj", "{0AE3DD7A-8EAC-4841-84F6-B83C791996F1}"
EndProject
Project("{FAE04EC0-301F-11D3-BF4B-00C04F79EFBC}") = "T13CurrencyCheck", "T13CurrencyCheck\T13CurrencyCheck.csproj", "{FF783FC0-EF27-4024-83AF-A3C17092521D}"
EndProject
Project("{FAE04EC0-301F-11D3-BF4B-00C04F79EFBC}") = "T14DreamItem", "T14DreamItem\T14DreamItem.csproj", "{CBF3820B-A199-4BA6-870E-53192BBA8CA4}"
EndProject
Project("{FAE04EC0-301F-11D3-BF4B-00C04F79EFBC}") = "T15MagicWand", "T15MagicWand\T15MagicWand.csproj", "{1B177B9F-4580-4F3E-9FA2-3C33AFA14CD9}"
EndProject
Project("{FAE04EC0-301F-11D3-BF4B-00C04F79EFBC}") = "T16ArrayMatcher", "T16ArrayMatcher\T16ArrayMatcher.csproj", "{F0E43C81-434A-4C7A-A373-EFE420582E2E}"
EndProject
Project("{FAE04EC0-301F-11D3-BF4B-00C04F79EFBC}") = "T17KnightPath", "T17KnightPath\T17KnightPath.csproj", "{1F34B43D-87E8-44DF-9D74-BF0D48422BCB}"
EndProject
Global
	GlobalSection(SolutionConfigurationPlatforms) = preSolution
		Debug|Any CPU = Debug|Any CPU
		Debug|x86 = Debug|x86
		Release|Any CPU = Release|Any CPU
		Release|x86 = Release|x86
	EndGlobalSection
	GlobalSection(ProjectConfigurationPlatforms) = postSolution
		{0B7CFFE9-9FD0-42D9-9CDA-FAE865E0122C}.Debug|Any CPU.ActiveCfg = Debug|Any CPU
		{0B7CFFE9-9FD0-42D9-9CDA-FAE865E0122C}.Debug|Any CPU.Build.0 = Debug|Any CPU
		{0B7CFFE9-9FD0-42D9-9CDA-FAE865E0122C}.Debug|x86.ActiveCfg = Debug|Any CPU
		{0B7CFFE9-9FD0-42D9-9CDA-FAE865E0122C}.Debug|x86.Build.0 = Debug|Any CPU
		{0B7CFFE9-9FD0-42D9-9CDA-FAE865E0122C}.Release|Any CPU.ActiveCfg = Release|Any CPU
		{0B7CFFE9-9FD0-42D9-9CDA-FAE865E0122C}.Release|Any CPU.Build.0 = Release|Any CPU
		{0B7CFFE9-9FD0-42D9-9CDA-FAE865E0122C}.Release|x86.ActiveCfg = Release|Any CPU
		{0B7CFFE9-9FD0-42D9-9CDA-FAE865E0122C}.Release|x86.Build.0 = Release|Any CPU
		{8418C096-2447-4ACA-89C3-BC8EC03E4519}.Debug|Any CPU.ActiveCfg = Debug|Any CPU
		{8418C096-2447-4ACA-89C3-BC8EC03E4519}.Debug|Any CPU.Build.0 = Debug|Any CPU
		{8418C096-2447-4ACA-89C3-BC8EC03E4519}.Debug|x86.ActiveCfg = Debug|Any CPU
		{8418C096-2447-4ACA-89C3-BC8EC03E4519}.Debug|x86.Build.0 = Debug|Any CPU
		{8418C096-2447-4ACA-89C3-BC8EC03E4519}.Release|Any CPU.ActiveCfg = Release|Any CPU
		{8418C096-2447-4ACA-89C3-BC8EC03E4519}.Release|Any CPU.Build.0 = Release|Any CPU
		{8418C096-2447-4ACA-89C3-BC8EC03E4519}.Release|x86.ActiveCfg = Release|Any CPU
		{8418C096-2447-4ACA-89C3-BC8EC03E4519}.Release|x86.Build.0 = Release|Any CPU
		{17D454E8-269B-45BD-A8A7-94104C49C263}.Debug|Any CPU.ActiveCfg = Debug|Any CPU
		{17D454E8-269B-45BD-A8A7-94104C49C263}.Debug|Any CPU.Build.0 = Debug|Any CPU
		{17D454E8-269B-45BD-A8A7-94104C49C263}.Debug|x86.ActiveCfg = Debug|Any CPU
		{17D454E8-269B-45BD-A8A7-94104C49C263}.Debug|x86.Build.0 = Debug|Any CPU
		{17D454E8-269B-45BD-A8A7-94104C49C263}.Release|Any CPU.ActiveCfg = Release|Any CPU
		{17D454E8-269B-45BD-A8A7-94104C49C263}.Release|Any CPU.Build.0 = Release|Any CPU
		{17D454E8-269B-45BD-A8A7-94104C49C263}.Release|x86.ActiveCfg = Release|Any CPU
		{17D454E8-269B-45BD-A8A7-94104C49C263}.Release|x86.Build.0 = Release|Any CPU
		{ED92DF74-4472-49DC-96A2-663FD4900420}.Debug|Any CPU.ActiveCfg = Debug|Any CPU
		{ED92DF74-4472-49DC-96A2-663FD4900420}.Debug|Any CPU.Build.0 = Debug|Any CPU
		{ED92DF74-4472-49DC-96A2-663FD4900420}.Debug|x86.ActiveCfg = Debug|Any CPU
		{ED92DF74-4472-49DC-96A2-663FD4900420}.Debug|x86.Build.0 = Debug|Any CPU
		{ED92DF74-4472-49DC-96A2-663FD4900420}.Release|Any CPU.ActiveCfg = Release|Any CPU
		{ED92DF74-4472-49DC-96A2-663FD4900420}.Release|Any CPU.Build.0 = Release|Any CPU
		{ED92DF74-4472-49DC-96A2-663FD4900420}.Release|x86.ActiveCfg = Release|Any CPU
		{ED92DF74-4472-49DC-96A2-663FD4900420}.Release|x86.Build.0 = Release|Any CPU
		{51E56BBD-7480-4D52-B4A7-AD8235540E93}.Debug|Any CPU.ActiveCfg = Debug|Any CPU
		{51E56BBD-7480-4D52-B4A7-AD8235540E93}.Debug|Any CPU.Build.0 = Debug|Any CPU
		{51E56BBD-7480-4D52-B4A7-AD8235540E93}.Debug|x86.ActiveCfg = Debug|Any CPU
		{51E56BBD-7480-4D52-B4A7-AD8235540E93}.Debug|x86.Build.0 = Debug|Any CPU
		{51E56BBD-7480-4D52-B4A7-AD8235540E93}.Release|Any CPU.ActiveCfg = Release|Any CPU
		{51E56BBD-7480-4D52-B4A7-AD8235540E93}.Release|Any CPU.Build.0 = Release|Any CPU
		{51E56BBD-7480-4D52-B4A7-AD8235540E93}.Release|x86.ActiveCfg = Release|Any CPU
		{51E56BBD-7480-4D52-B4A7-AD8235540E93}.Release|x86.Build.0 = Release|Any CPU
		{998F2E40-C3EB-46BB-AB90-8A37E31913EA}.Debug|Any CPU.ActiveCfg = Debug|Any CPU
		{998F2E40-C3EB-46BB-AB90-8A37E31913EA}.Debug|Any CPU.Build.0 = Debug|Any CPU
		{998F2E40-C3EB-46BB-AB90-8A37E31913EA}.Debug|x86.ActiveCfg = Debug|Any CPU
		{998F2E40-C3EB-46BB-AB90-8A37E31913EA}.Debug|x86.Build.0 = Debug|Any CPU
		{998F2E40-C3EB-46BB-AB90-8A37E31913EA}.Release|Any CPU.ActiveCfg = Release|Any CPU
		{998F2E40-C3EB-46BB-AB90-8A37E31913EA}.Release|Any CPU.Build.0 = Release|Any CPU
		{998F2E40-C3EB-46BB-AB90-8A37E31913EA}.Release|x86.ActiveCfg = Release|Any CPU
		{998F2E40-C3EB-46BB-AB90-8A37E31913EA}.Release|x86.Build.0 = Release|Any CPU
		{77274561-B95E-4EDD-B146-4D669E41706D}.Debug|Any CPU.ActiveCfg = Debug|Any CPU
		{77274561-B95E-4EDD-B146-4D669E41706D}.Debug|Any CPU.Build.0 = Debug|Any CPU
		{77274561-B95E-4EDD-B146-4D669E41706D}.Debug|x86.ActiveCfg = Debug|Any CPU
		{77274561-B95E-4EDD-B146-4D669E41706D}.Debug|x86.Build.0 = Debug|Any CPU
		{77274561-B95E-4EDD-B146-4D669E41706D}.Release|Any CPU.ActiveCfg = Release|Any CPU
		{77274561-B95E-4EDD-B146-4D669E41706D}.Release|Any CPU.Build.0 = Release|Any CPU
		{77274561-B95E-4EDD-B146-4D669E41706D}.Release|x86.ActiveCfg = Release|Any CPU
		{77274561-B95E-4EDD-B146-4D669E41706D}.Release|x86.Build.0 = Release|Any CPU
		{3E6CF5C1-C975-4FEF-B3DD-CF93DBFCD57C}.Debug|Any CPU.ActiveCfg = Debug|Any CPU
		{3E6CF5C1-C975-4FEF-B3DD-CF93DBFCD57C}.Debug|Any CPU.Build.0 = Debug|Any CPU
		{3E6CF5C1-C975-4FEF-B3DD-CF93DBFCD57C}.Debug|x86.ActiveCfg = Debug|Any CPU
		{3E6CF5C1-C975-4FEF-B3DD-CF93DBFCD57C}.Debug|x86.Build.0 = Debug|Any CPU
		{3E6CF5C1-C975-4FEF-B3DD-CF93DBFCD57C}.Release|Any CPU.ActiveCfg = Release|Any CPU
		{3E6CF5C1-C975-4FEF-B3DD-CF93DBFCD57C}.Release|Any CPU.Build.0 = Release|Any CPU
		{3E6CF5C1-C975-4FEF-B3DD-CF93DBFCD57C}.Release|x86.ActiveCfg = Release|Any CPU
		{3E6CF5C1-C975-4FEF-B3DD-CF93DBFCD57C}.Release|x86.Build.0 = Release|Any CPU
		{99E771F8-1949-497E-AEAA-9EAA20BAC459}.Debug|Any CPU.ActiveCfg = Debug|Any CPU
		{99E771F8-1949-497E-AEAA-9EAA20BAC459}.Debug|Any CPU.Build.0 = Debug|Any CPU
		{99E771F8-1949-497E-AEAA-9EAA20BAC459}.Debug|x86.ActiveCfg = Debug|Any CPU
		{99E771F8-1949-497E-AEAA-9EAA20BAC459}.Debug|x86.Build.0 = Debug|Any CPU
		{99E771F8-1949-497E-AEAA-9EAA20BAC459}.Release|Any CPU.ActiveCfg = Release|Any CPU
		{99E771F8-1949-497E-AEAA-9EAA20BAC459}.Release|Any CPU.Build.0 = Release|Any CPU
		{99E771F8-1949-497E-AEAA-9EAA20BAC459}.Release|x86.ActiveCfg = Release|Any CPU
		{99E771F8-1949-497E-AEAA-9EAA20BAC459}.Release|x86.Build.0 = Release|Any CPU
		{E1624BC3-404D-4E76-A78F-93D2868DCE83}.Debug|Any CPU.ActiveCfg = Debug|Any CPU
		{E1624BC3-404D-4E76-A78F-93D2868DCE83}.Debug|Any CPU.Build.0 = Debug|Any CPU
		{E1624BC3-404D-4E76-A78F-93D2868DCE83}.Debug|x86.ActiveCfg = Debug|Any CPU
		{E1624BC3-404D-4E76-A78F-93D2868DCE83}.Debug|x86.Build.0 = Debug|Any CPU
		{E1624BC3-404D-4E76-A78F-93D2868DCE83}.Release|Any CPU.ActiveCfg = Release|Any CPU
		{E1624BC3-404D-4E76-A78F-93D2868DCE83}.Release|Any CPU.Build.0 = Release|Any CPU
		{E1624BC3-404D-4E76-A78F-93D2868DCE83}.Release|x86.ActiveCfg = Release|Any CPU
		{E1624BC3-404D-4E76-A78F-93D2868DCE83}.Release|x86.Build.0 = Release|Any CPU
		{7FA5BD13-C067-4B6F-BE28-6A79C564CC6F}.Debug|Any CPU.ActiveCfg = Debug|Any CPU
		{7FA5BD13-C067-4B6F-BE28-6A79C564CC6F}.Debug|Any CPU.Build.0 = Debug|Any CPU
		{7FA5BD13-C067-4B6F-BE28-6A79C564CC6F}.Debug|x86.ActiveCfg = Debug|Any CPU
		{7FA5BD13-C067-4B6F-BE28-6A79C564CC6F}.Debug|x86.Build.0 = Debug|Any CPU
		{7FA5BD13-C067-4B6F-BE28-6A79C564CC6F}.Release|Any CPU.ActiveCfg = Release|Any CPU
		{7FA5BD13-C067-4B6F-BE28-6A79C564CC6F}.Release|Any CPU.Build.0 = Release|Any CPU
		{7FA5BD13-C067-4B6F-BE28-6A79C564CC6F}.Release|x86.ActiveCfg = Release|Any CPU
		{7FA5BD13-C067-4B6F-BE28-6A79C564CC6F}.Release|x86.Build.0 = Release|Any CPU
		{0AE3DD7A-8EAC-4841-84F6-B83C791996F1}.Debug|Any CPU.ActiveCfg = Debug|x86
		{0AE3DD7A-8EAC-4841-84F6-B83C791996F1}.Debug|x86.ActiveCfg = Debug|x86
		{0AE3DD7A-8EAC-4841-84F6-B83C791996F1}.Debug|x86.Build.0 = Debug|x86
		{0AE3DD7A-8EAC-4841-84F6-B83C791996F1}.Release|Any CPU.ActiveCfg = Release|x86
		{0AE3DD7A-8EAC-4841-84F6-B83C791996F1}.Release|x86.ActiveCfg = Release|x86
		{0AE3DD7A-8EAC-4841-84F6-B83C791996F1}.Release|x86.Build.0 = Release|x86
		{FF783FC0-EF27-4024-83AF-A3C17092521D}.Debug|Any CPU.ActiveCfg = Debug|Any CPU
		{FF783FC0-EF27-4024-83AF-A3C17092521D}.Debug|Any CPU.Build.0 = Debug|Any CPU
		{FF783FC0-EF27-4024-83AF-A3C17092521D}.Debug|x86.ActiveCfg = Debug|Any CPU
		{FF783FC0-EF27-4024-83AF-A3C17092521D}.Debug|x86.Build.0 = Debug|Any CPU
		{FF783FC0-EF27-4024-83AF-A3C17092521D}.Release|Any CPU.ActiveCfg = Release|Any CPU
		{FF783FC0-EF27-4024-83AF-A3C17092521D}.Release|Any CPU.Build.0 = Release|Any CPU
		{FF783FC0-EF27-4024-83AF-A3C17092521D}.Release|x86.ActiveCfg = Release|Any CPU
		{FF783FC0-EF27-4024-83AF-A3C17092521D}.Release|x86.Build.0 = Release|Any CPU
		{CBF3820B-A199-4BA6-870E-53192BBA8CA4}.Debug|Any CPU.ActiveCfg = Debug|Any CPU
		{CBF3820B-A199-4BA6-870E-53192BBA8CA4}.Debug|Any CPU.Build.0 = Debug|Any CPU
		{CBF3820B-A199-4BA6-870E-53192BBA8CA4}.Debug|x86.ActiveCfg = Debug|Any CPU
		{CBF3820B-A199-4BA6-870E-53192BBA8CA4}.Debug|x86.Build.0 = Debug|Any CPU
		{CBF3820B-A199-4BA6-870E-53192BBA8CA4}.Release|Any CPU.ActiveCfg = Release|Any CPU
		{CBF3820B-A199-4BA6-870E-53192BBA8CA4}.Release|Any CPU.Build.0 = Release|Any CPU
		{CBF3820B-A199-4BA6-870E-53192BBA8CA4}.Release|x86.ActiveCfg = Release|Any CPU
		{CBF3820B-A199-4BA6-870E-53192BBA8CA4}.Release|x86.Build.0 = Release|Any CPU
		{1B177B9F-4580-4F3E-9FA2-3C33AFA14CD9}.Debug|Any CPU.ActiveCfg = Debug|Any CPU
		{1B177B9F-4580-4F3E-9FA2-3C33AFA14CD9}.Debug|Any CPU.Build.0 = Debug|Any CPU
		{1B177B9F-4580-4F3E-9FA2-3C33AFA14CD9}.Debug|x86.ActiveCfg = Debug|Any CPU
		{1B177B9F-4580-4F3E-9FA2-3C33AFA14CD9}.Debug|x86.Build.0 = Debug|Any CPU
		{1B177B9F-4580-4F3E-9FA2-3C33AFA14CD9}.Release|Any CPU.ActiveCfg = Release|Any CPU
		{1B177B9F-4580-4F3E-9FA2-3C33AFA14CD9}.Release|Any CPU.Build.0 = Release|Any CPU
		{1B177B9F-4580-4F3E-9FA2-3C33AFA14CD9}.Release|x86.ActiveCfg = Release|Any CPU
		{1B177B9F-4580-4F3E-9FA2-3C33AFA14CD9}.Release|x86.Build.0 = Release|Any CPU
		{F0E43C81-434A-4C7A-A373-EFE420582E2E}.Debug|Any CPU.ActiveCfg = Debug|Any CPU
		{F0E43C81-434A-4C7A-A373-EFE420582E2E}.Debug|Any CPU.Build.0 = Debug|Any CPU
		{F0E43C81-434A-4C7A-A373-EFE420582E2E}.Debug|x86.ActiveCfg = Debug|Any CPU
		{F0E43C81-434A-4C7A-A373-EFE420582E2E}.Debug|x86.Build.0 = Debug|Any CPU
		{F0E43C81-434A-4C7A-A373-EFE420582E2E}.Release|Any CPU.ActiveCfg = Release|Any CPU
		{F0E43C81-434A-4C7A-A373-EFE420582E2E}.Release|Any CPU.Build.0 = Release|Any CPU
		{F0E43C81-434A-4C7A-A373-EFE420582E2E}.Release|x86.ActiveCfg = Release|Any CPU
		{F0E43C81-434A-4C7A-A373-EFE420582E2E}.Release|x86.Build.0 = Release|Any CPU
		{1F34B43D-87E8-44DF-9D74-BF0D48422BCB}.Debug|Any CPU.ActiveCfg = Debug|Any CPU
		{1F34B43D-87E8-44DF-9D74-BF0D48422BCB}.Debug|Any CPU.Build.0 = Debug|Any CPU
		{1F34B43D-87E8-44DF-9D74-BF0D48422BCB}.Debug|x86.ActiveCfg = Debug|Any CPU
		{1F34B43D-87E8-44DF-9D74-BF0D48422BCB}.Debug|x86.Build.0 = Debug|Any CPU
		{1F34B43D-87E8-44DF-9D74-BF0D48422BCB}.Release|Any CPU.ActiveCfg = Release|Any CPU
		{1F34B43D-87E8-44DF-9D74-BF0D48422BCB}.Release|Any CPU.Build.0 = Release|Any CPU
		{1F34B43D-87E8-44DF-9D74-BF0D48422BCB}.Release|x86.ActiveCfg = Release|Any CPU
		{1F34B43D-87E8-44DF-9D74-BF0D48422BCB}.Release|x86.Build.0 = Release|Any CPU
	EndGlobalSection
	GlobalSection(SolutionProperties) = preSolution
		HideSolutionNode = FALSE
	EndGlobalSection
EndGlobal
